// !$*UTF8*$!
{
	archiveVersion = 1;
	classes = {
	};
	objectVersion = 42;
	objects = {

/* Begin PBXBuildFile section */
		2649D11E1341270B00573F6F /* property_palette_intro.c in Sources */ = {isa = PBXBuildFile; fileRef = 2649D11D1341270B00573F6F /* property_palette_intro.c */; };
		26514F7213594F2500298860 /* alt_property_palette_chooser.c in Sources */ = {isa = PBXBuildFile; fileRef = 26514F6E13594F2500298860 /* alt_property_palette_chooser.c */; };
		26514F7313594F2500298860 /* alt_property_palette_menu.c in Sources */ = {isa = PBXBuildFile; fileRef = 26514F6F13594F2500298860 /* alt_property_palette_menu.c */; };
		26514F7413594F2500298860 /* alt2_property_palette_chooser_piece.c in Sources */ = {isa = PBXBuildFile; fileRef = 26514F7013594F2500298860 /* alt2_property_palette_chooser_piece.c */; };
		26514F7513594F2500298860 /* alt2_property_palette_menu_item.c in Sources */ = {isa = PBXBuildFile; fileRef = 26514F7113594F2500298860 /* alt2_property_palette_menu_item.c */; };
		268382A1133D4F3D0035315B /* property_palette_actions.c in Sources */ = {isa = PBXBuildFile; fileRef = 2683829A133D4F3D0035315B /* property_palette_actions.c */; };
		268382A2133D4F3D0035315B /* property_palette_crosshairs.c in Sources */ = {isa = PBXBuildFile; fileRef = 2683829B133D4F3D0035315B /* property_palette_crosshairs.c */; };
		268382A3133D4F3D0035315B /* property_palette_halos.c in Sources */ = {isa = PBXBuildFile; fileRef = 2683829C133D4F3D0035315B /* property_palette_halos.c */; };
		268382A4133D4F3D0035315B /* property_palette_marks.c in Sources */ = {isa = PBXBuildFile; fileRef = 2683829D133D4F3D0035315B /* property_palette_marks.c */; };
		268382A5133D4F3D0035315B /* property_palette_particles.c in Sources */ = {isa = PBXBuildFile; fileRef = 2683829E133D4F3D0035315B /* property_palette_particles.c */; };
		268382A6133D4F3D0035315B /* property_palette_rings.c in Sources */ = {isa = PBXBuildFile; fileRef = 2683829F133D4F3D0035315B /* property_palette_rings.c */; };
		268382A7133D4F3D0035315B /* property_palette_settings.c in Sources */ = {isa = PBXBuildFile; fileRef = 268382A0133D4F3D0035315B /* property_palette_settings.c */; };
		269A94F5137C8E080072F87F /* alt_property_palette_particle_group.c in Sources */ = {isa = PBXBuildFile; fileRef = 269A94F3137C8E080072F87F /* alt_property_palette_particle_group.c */; };
		269A94F6137C8E080072F87F /* alt2_property_palette_group_particle.c in Sources */ = {isa = PBXBuildFile; fileRef = 269A94F4137C8E080072F87F /* alt2_property_palette_group_particle.c */; };
		269E97C01360EE980027B9BF /* alt_property_palette_shader.c in Sources */ = {isa = PBXBuildFile; fileRef = 269E97BE1360EE980027B9BF /* alt_property_palette_shader.c */; };
		269E97C11360EE980027B9BF /* property_palette_shaders.c in Sources */ = {isa = PBXBuildFile; fileRef = 269E97BF1360EE980027B9BF /* property_palette_shaders.c */; };
		269EC5101356501E00C3223C /* alt_property_palette_multiplayer_character.c in Sources */ = {isa = PBXBuildFile; fileRef = 269EC50A1356501E00C3223C /* alt_property_palette_multiplayer_character.c */; };
		269EC5111356501E00C3223C /* alt_property_palette_multiplayer_game.c in Sources */ = {isa = PBXBuildFile; fileRef = 269EC50B1356501E00C3223C /* alt_property_palette_multiplayer_game.c */; };
		269EC5121356501E00C3223C /* alt_property_palette_multiplayer_option.c in Sources */ = {isa = PBXBuildFile; fileRef = 269EC50C1356501E00C3223C /* alt_property_palette_multiplayer_option.c */; };
		269EC5131356501E00C3223C /* alt_property_palette_radar_icon.c in Sources */ = {isa = PBXBuildFile; fileRef = 269EC50D1356501E00C3223C /* alt_property_palette_radar_icon.c */; };
		269EC5141356501E00C3223C /* property_palette_multiplayer.c in Sources */ = {isa = PBXBuildFile; fileRef = 269EC50E1356501E00C3223C /* property_palette_multiplayer.c */; };
		269EC5151356501E00C3223C /* property_palette_radar.c in Sources */ = {isa = PBXBuildFile; fileRef = 269EC50F1356501E00C3223C /* property_palette_radar.c */; };
		269FECBD132845880030B0B5 /* dim3 Setup.icns in Resources */ = {isa = PBXBuildFile; fileRef = 269FECBB132845880030B0B5 /* dim3 Setup.icns */; };
		269FECBE132845880030B0B5 /* dim3 Setup.nib in Resources */ = {isa = PBXBuildFile; fileRef = 269FECBC132845880030B0B5 /* dim3 Setup.nib */; };
		269FECC11328488B0030B0B5 /* Carbon.framework in Frameworks */ = {isa = PBXBuildFile; fileRef = 269FECC01328488B0030B0B5 /* Carbon.framework */; };
		269FED7C132848970030B0B5 /* AGL.framework in Frameworks */ = {isa = PBXBuildFile; fileRef = 269FED7B132848970030B0B5 /* AGL.framework */; };
		269FED7E132848A10030B0B5 /* OpenGL.framework in Frameworks */ = {isa = PBXBuildFile; fileRef = 269FED7D132848A10030B0B5 /* OpenGL.framework */; };
		269FED80132848B30030B0B5 /* PNG.framework in Frameworks */ = {isa = PBXBuildFile; fileRef = 269FED7F132848B30030B0B5 /* PNG.framework */; };
		269FED82132848C20030B0B5 /* libBaseUtility.dylib in Frameworks */ = {isa = PBXBuildFile; fileRef = 269FED81132848C20030B0B5 /* libBaseUtility.dylib */; };
		269FED8D13285D300030B0B5 /* OSX_main.c in Sources */ = {isa = PBXBuildFile; fileRef = 269FED8C13285D300030B0B5 /* OSX_main.c */; };
		269FEDC313285FBB0030B0B5 /* libBaseUtility.dylib in Copy Frameworks */ = {isa = PBXBuildFile; fileRef = 269FED81132848C20030B0B5 /* libBaseUtility.dylib */; };
		269FEDC413285FBD0030B0B5 /* PNG.framework in Copy Frameworks */ = {isa = PBXBuildFile; fileRef = 269FED7F132848B30030B0B5 /* PNG.framework */; };
		269FEDC913285FF80030B0B5 /* dim3 Setup.app in Copy Application */ = {isa = PBXBuildFile; fileRef = 269FECB0132844680030B0B5 /* dim3 Setup.app */; };
		26BDD87C134AA97C002E6723 /* alt_property_palette_intro_button.c in Sources */ = {isa = PBXBuildFile; fileRef = 26BDD879134AA97C002E6723 /* alt_property_palette_intro_button.c */; };
		26BDD87D134AA97C002E6723 /* alt_property_palette_intro_model.c in Sources */ = {isa = PBXBuildFile; fileRef = 26BDD87A134AA97C002E6723 /* alt_property_palette_intro_model.c */; };
		26BDD87E134AA97C002E6723 /* property_palette_hud.c in Sources */ = {isa = PBXBuildFile; fileRef = 26BDD87B134AA97C002E6723 /* property_palette_hud.c */; };
		26BDD880134AA9A3002E6723 /* OSX_dialog_file_open.c in Sources */ = {isa = PBXBuildFile; fileRef = 26BDD87F134AA9A3002E6723 /* OSX_dialog_file_open.c */; };
		26C19FD0137B418F00B8A4D3 /* alt_property_palette_particle.c in Sources */ = {isa = PBXBuildFile; fileRef = 26C19FCE137B418F00B8A4D3 /* alt_property_palette_particle.c */; };
		26C19FD1137B418F00B8A4D3 /* alt_property_palette_ring.c in Sources */ = {isa = PBXBuildFile; fileRef = 26C19FCF137B418F00B8A4D3 /* alt_property_palette_ring.c */; };
		26C324721357B3F800313FBF /* alt2_property_palette.c in Sources */ = {isa = PBXBuildFile; fileRef = 26C3246F1357B3F800313FBF /* alt2_property_palette.c */; };
		26C324731357B3F800313FBF /* property_palette_chooser.c in Sources */ = {isa = PBXBuildFile; fileRef = 26C324701357B3F800313FBF /* property_palette_chooser.c */; };
		26C324741357B3F800313FBF /* property_palette_menu.c in Sources */ = {isa = PBXBuildFile; fileRef = 26C324711357B3F800313FBF /* property_palette_menu.c */; };
		26C87D851339431D00DA562E /* Edit.png in Copy (List Icons) */ = {isa = PBXBuildFile; fileRef = 26C87D7A1339427A00DA562E /* Edit.png */; };
		26C87D861339431D00DA562E /* Minus.png in Copy (List Icons) */ = {isa = PBXBuildFile; fileRef = 26C87D7B1339427A00DA562E /* Minus.png */; };
		26C87D871339431D00DA562E /* Plus.png in Copy (List Icons) */ = {isa = PBXBuildFile; fileRef = 26C87D7C1339427A00DA562E /* Plus.png */; };
		26C87D881339431D00DA562E /* Set.png in Copy (List Icons) */ = {isa = PBXBuildFile; fileRef = 26C87D7D1339427A00DA562E /* Set.png */; };
		26C87D9B1339435500DA562E /* property_palette_sounds.c in Sources */ = {isa = PBXBuildFile; fileRef = 26C87D9A1339435500DA562E /* property_palette_sounds.c */; };
		26D15C721329E3EF00F9EC7B /* alt_property_palette.c in Sources */ = {isa = PBXBuildFile; fileRef = 26D15C6F1329E3EF00F9EC7B /* alt_property_palette.c */; };
		26D15C731329E3EF00F9EC7B /* item_palette.c in Sources */ = {isa = PBXBuildFile; fileRef = 26D15C701329E3EF00F9EC7B /* item_palette.c */; };
		26D15C741329E3EF00F9EC7B /* property_palette.c in Sources */ = {isa = PBXBuildFile; fileRef = 26D15C711329E3EF00F9EC7B /* property_palette.c */; };
		26D15C7F1329E42400F9EC7B /* list_palette_common.c in Sources */ = {isa = PBXBuildFile; fileRef = 26D15C791329E42400F9EC7B /* list_palette_common.c */; };
		26D15C801329E42400F9EC7B /* text_common.c in Sources */ = {isa = PBXBuildFile; fileRef = 26D15C7A1329E42400F9EC7B /* text_common.c */; };
		26D15D6D1329E8A000F9EC7B /* property_utility_common.c in Sources */ = {isa = PBXBuildFile; fileRef = 26D15D4F1329E7CD00F9EC7B /* property_utility_common.c */; };
		26D15DE01329EB6100F9EC7B /* OSX_dialog_about.c in Sources */ = {isa = PBXBuildFile; fileRef = 26D15DD91329EB6100F9EC7B /* OSX_dialog_about.c */; };
		26D15DE31329EB6100F9EC7B /* OSX_dialog_property_chord.c in Sources */ = {isa = PBXBuildFile; fileRef = 26D15DDC1329EB6100F9EC7B /* OSX_dialog_property_chord.c */; };
		26D15DE41329EB6100F9EC7B /* OSX_dialog_property_list.c in Sources */ = {isa = PBXBuildFile; fileRef = 26D15DDD1329EB6100F9EC7B /* OSX_dialog_property_list.c */; };
		26D15DE51329EB6100F9EC7B /* OSX_dialog_property_string.c in Sources */ = {isa = PBXBuildFile; fileRef = 26D15DDE1329EB6100F9EC7B /* OSX_dialog_property_string.c */; };
		26D15DE61329EB6100F9EC7B /* OSX_dialog_utility_common.c in Sources */ = {isa = PBXBuildFile; fileRef = 26D15DDF1329EB6100F9EC7B /* OSX_dialog_utility_common.c */; };
		26D82FCD134FB5A800CC229F /* alt_property_palette_hud_bar.c in Sources */ = {isa = PBXBuildFile; fileRef = 26D82FCA134FB5A800CC229F /* alt_property_palette_hud_bar.c */; };
		26D82FCE134FB5A800CC229F /* alt_property_palette_hud_bitmap.c in Sources */ = {isa = PBXBuildFile; fileRef = 26D82FCB134FB5A800CC229F /* alt_property_palette_hud_bitmap.c */; };
		26D82FCF134FB5A800CC229F /* alt_property_palette_hud_text.c in Sources */ = {isa = PBXBuildFile; fileRef = 26D82FCC134FB5A800CC229F /* alt_property_palette_hud_text.c */; };
		26EB2AB2135CE09700C85532 /* alt_property_palette_action.c in Sources */ = {isa = PBXBuildFile; fileRef = 26EB2AAD135CE09700C85532 /* alt_property_palette_action.c */; };
		26EB2AB3135CE09700C85532 /* alt_property_palette_crosshair.c in Sources */ = {isa = PBXBuildFile; fileRef = 26EB2AAE135CE09700C85532 /* alt_property_palette_crosshair.c */; };
		26EB2AB4135CE09700C85532 /* alt_property_palette_halo.c in Sources */ = {isa = PBXBuildFile; fileRef = 26EB2AAF135CE09700C85532 /* alt_property_palette_halo.c */; };
		26EB2AB5135CE09700C85532 /* alt_property_palette_mark.c in Sources */ = {isa = PBXBuildFile; fileRef = 26EB2AB0135CE09700C85532 /* alt_property_palette_mark.c */; };
		26EB2AB6135CE09700C85532 /* alt_property_palette_sound.c in Sources */ = {isa = PBXBuildFile; fileRef = 26EB2AB1135CE09700C85532 /* alt_property_palette_sound.c */; };
		26F773BC1328867F007C3EBD /* main_window.c in Sources */ = {isa = PBXBuildFile; fileRef = 26F773BB1328867F007C3EBD /* main_window.c */; };
		26F773C81328871E007C3EBD /* OSX_glue.c in Sources */ = {isa = PBXBuildFile; fileRef = 26F773C71328871E007C3EBD /* OSX_glue.c */; };
		26F773CB1328872A007C3EBD /* menu.c in Sources */ = {isa = PBXBuildFile; fileRef = 26F773CA1328872A007C3EBD /* menu.c */; };
/* End PBXBuildFile section */

/* Begin PBXCopyFilesBuildPhase section */
		269FEDC213285FB20030B0B5 /* Copy Frameworks */ = {
			isa = PBXCopyFilesBuildPhase;
			buildActionMask = 2147483647;
			dstPath = "";
			dstSubfolderSpec = 10;
			files = (
				269FEDC313285FBB0030B0B5 /* libBaseUtility.dylib in Copy Frameworks */,
				269FEDC413285FBD0030B0B5 /* PNG.framework in Copy Frameworks */,
			);
			name = "Copy Frameworks";
			runOnlyForDeploymentPostprocessing = 0;
		};
		269FEDDB132860160030B0B5 /* Copy Application */ = {
			isa = PBXCopyFilesBuildPhase;
			buildActionMask = 2147483647;
			dstPath = "$(SRCROOT)/../../dim3/";
			dstSubfolderSpec = 0;
			files = (
				269FEDC913285FF80030B0B5 /* dim3 Setup.app in Copy Application */,
			);
			name = "Copy Application";
			runOnlyForDeploymentPostprocessing = 0;
		};
		26C87D84133942E400DA562E /* Copy (List Icons) */ = {
			isa = PBXCopyFilesBuildPhase;
			buildActionMask = 2147483647;
			dstPath = Lists;
			dstSubfolderSpec = 7;
			files = (
				26C87D851339431D00DA562E /* Edit.png in Copy (List Icons) */,
				26C87D861339431D00DA562E /* Minus.png in Copy (List Icons) */,
				26C87D871339431D00DA562E /* Plus.png in Copy (List Icons) */,
				26C87D881339431D00DA562E /* Set.png in Copy (List Icons) */,
			);
			name = "Copy (List Icons)";
			runOnlyForDeploymentPostprocessing = 0;
		};
/* End PBXCopyFilesBuildPhase section */

/* Begin PBXFileReference section */
		2649D11D1341270B00573F6F /* property_palette_intro.c */ = {isa = PBXFileReference; fileEncoding = 4; lastKnownFileType = sourcecode.c.c; name = property_palette_intro.c; path = Code/property_palette_intro.c; sourceTree = "<group>"; };
		26514F6E13594F2500298860 /* alt_property_palette_chooser.c */ = {isa = PBXFileReference; fileEncoding = 4; lastKnownFileType = sourcecode.c.c; name = alt_property_palette_chooser.c; path = Code/alt_property_palette_chooser.c; sourceTree = "<group>"; };
		26514F6F13594F2500298860 /* alt_property_palette_menu.c */ = {isa = PBXFileReference; fileEncoding = 4; lastKnownFileType = sourcecode.c.c; name = alt_property_palette_menu.c; path = Code/alt_property_palette_menu.c; sourceTree = "<group>"; };
		26514F7013594F2500298860 /* alt2_property_palette_chooser_piece.c */ = {isa = PBXFileReference; fileEncoding = 4; lastKnownFileType = sourcecode.c.c; name = alt2_property_palette_chooser_piece.c; path = Code/alt2_property_palette_chooser_piece.c; sourceTree = "<group>"; };
		26514F7113594F2500298860 /* alt2_property_palette_menu_item.c */ = {isa = PBXFileReference; fileEncoding = 4; lastKnownFileType = sourcecode.c.c; name = alt2_property_palette_menu_item.c; path = Code/alt2_property_palette_menu_item.c; sourceTree = "<group>"; };
		2683829A133D4F3D0035315B /* property_palette_actions.c */ = {isa = PBXFileReference; fileEncoding = 4; lastKnownFileType = sourcecode.c.c; name = property_palette_actions.c; path = Code/property_palette_actions.c; sourceTree = "<group>"; };
		2683829B133D4F3D0035315B /* property_palette_crosshairs.c */ = {isa = PBXFileReference; fileEncoding = 4; lastKnownFileType = sourcecode.c.c; name = property_palette_crosshairs.c; path = Code/property_palette_crosshairs.c; sourceTree = "<group>"; };
		2683829C133D4F3D0035315B /* property_palette_halos.c */ = {isa = PBXFileReference; fileEncoding = 4; lastKnownFileType = sourcecode.c.c; name = property_palette_halos.c; path = Code/property_palette_halos.c; sourceTree = "<group>"; };
		2683829D133D4F3D0035315B /* property_palette_marks.c */ = {isa = PBXFileReference; fileEncoding = 4; lastKnownFileType = sourcecode.c.c; name = property_palette_marks.c; path = Code/property_palette_marks.c; sourceTree = "<group>"; };
		2683829E133D4F3D0035315B /* property_palette_particles.c */ = {isa = PBXFileReference; fileEncoding = 4; lastKnownFileType = sourcecode.c.c; name = property_palette_particles.c; path = Code/property_palette_particles.c; sourceTree = "<group>"; };
		2683829F133D4F3D0035315B /* property_palette_rings.c */ = {isa = PBXFileReference; fileEncoding = 4; lastKnownFileType = sourcecode.c.c; name = property_palette_rings.c; path = Code/property_palette_rings.c; sourceTree = "<group>"; };
		268382A0133D4F3D0035315B /* property_palette_settings.c */ = {isa = PBXFileReference; fileEncoding = 4; lastKnownFileType = sourcecode.c.c; name = property_palette_settings.c; path = Code/property_palette_settings.c; sourceTree = "<group>"; };
		269A94F3137C8E080072F87F /* alt_property_palette_particle_group.c */ = {isa = PBXFileReference; fileEncoding = 4; lastKnownFileType = sourcecode.c.c; name = alt_property_palette_particle_group.c; path = Code/alt_property_palette_particle_group.c; sourceTree = "<group>"; };
		269A94F4137C8E080072F87F /* alt2_property_palette_group_particle.c */ = {isa = PBXFileReference; fileEncoding = 4; lastKnownFileType = sourcecode.c.c; name = alt2_property_palette_group_particle.c; path = Code/alt2_property_palette_group_particle.c; sourceTree = "<group>"; };
		269E97BE1360EE980027B9BF /* alt_property_palette_shader.c */ = {isa = PBXFileReference; fileEncoding = 4; lastKnownFileType = sourcecode.c.c; name = alt_property_palette_shader.c; path = Code/alt_property_palette_shader.c; sourceTree = "<group>"; };
		269E97BF1360EE980027B9BF /* property_palette_shaders.c */ = {isa = PBXFileReference; fileEncoding = 4; lastKnownFileType = sourcecode.c.c; name = property_palette_shaders.c; path = Code/property_palette_shaders.c; sourceTree = "<group>"; };
		269EC50A1356501E00C3223C /* alt_property_palette_multiplayer_character.c */ = {isa = PBXFileReference; fileEncoding = 4; lastKnownFileType = sourcecode.c.c; name = alt_property_palette_multiplayer_character.c; path = Code/alt_property_palette_multiplayer_character.c; sourceTree = "<group>"; };
		269EC50B1356501E00C3223C /* alt_property_palette_multiplayer_game.c */ = {isa = PBXFileReference; fileEncoding = 4; lastKnownFileType = sourcecode.c.c; name = alt_property_palette_multiplayer_game.c; path = Code/alt_property_palette_multiplayer_game.c; sourceTree = "<group>"; };
		269EC50C1356501E00C3223C /* alt_property_palette_multiplayer_option.c */ = {isa = PBXFileReference; fileEncoding = 4; lastKnownFileType = sourcecode.c.c; name = alt_property_palette_multiplayer_option.c; path = Code/alt_property_palette_multiplayer_option.c; sourceTree = "<group>"; };
		269EC50D1356501E00C3223C /* alt_property_palette_radar_icon.c */ = {isa = PBXFileReference; fileEncoding = 4; lastKnownFileType = sourcecode.c.c; name = alt_property_palette_radar_icon.c; path = Code/alt_property_palette_radar_icon.c; sourceTree = "<group>"; };
		269EC50E1356501E00C3223C /* property_palette_multiplayer.c */ = {isa = PBXFileReference; fileEncoding = 4; lastKnownFileType = sourcecode.c.c; name = property_palette_multiplayer.c; path = Code/property_palette_multiplayer.c; sourceTree = "<group>"; };
		269EC50F1356501E00C3223C /* property_palette_radar.c */ = {isa = PBXFileReference; fileEncoding = 4; lastKnownFileType = sourcecode.c.c; name = property_palette_radar.c; path = Code/property_palette_radar.c; sourceTree = "<group>"; };
		269FECB0132844680030B0B5 /* dim3 Setup.app */ = {isa = PBXFileReference; explicitFileType = wrapper.application; includeInIndex = 0; path = "dim3 Setup.app"; sourceTree = BUILT_PRODUCTS_DIR; };
		269FECB91328457F0030B0B5 /* Info-dim3_Setup.plist */ = {isa = PBXFileReference; fileEncoding = 4; lastKnownFileType = text.plist.xml; name = "Info-dim3_Setup.plist"; path = "Resources/Info-dim3_Setup.plist"; sourceTree = "<group>"; };
		269FECBB132845880030B0B5 /* dim3 Setup.icns */ = {isa = PBXFileReference; lastKnownFileType = image.icns; name = "dim3 Setup.icns"; path = "Resources/dim3 Setup.icns"; sourceTree = "<group>"; };
		269FECBC132845880030B0B5 /* dim3 Setup.nib */ = {isa = PBXFileReference; lastKnownFileType = wrapper.nib; name = "dim3 Setup.nib"; path = "Resources/dim3 Setup.nib"; sourceTree = "<group>"; };
		269FECC01328488B0030B0B5 /* Carbon.framework */ = {isa = PBXFileReference; lastKnownFileType = wrapper.framework; name = Carbon.framework; path = /System/Library/Frameworks/Carbon.framework; sourceTree = "<absolute>"; };
		269FED7B132848970030B0B5 /* AGL.framework */ = {isa = PBXFileReference; lastKnownFileType = wrapper.framework; name = AGL.framework; path = /System/Library/Frameworks/AGL.framework; sourceTree = "<absolute>"; };
		269FED7D132848A10030B0B5 /* OpenGL.framework */ = {isa = PBXFileReference; lastKnownFileType = wrapper.framework; name = OpenGL.framework; path = /System/Library/Frameworks/OpenGL.framework; sourceTree = "<absolute>"; };
		269FED7F132848B30030B0B5 /* PNG.framework */ = {isa = PBXFileReference; lastKnownFileType = wrapper.framework; name = PNG.framework; path = /Users/ggadwa/dim3Code/dim3Common/Frameworks/PNG.framework; sourceTree = "<absolute>"; };
		269FED81132848C20030B0B5 /* libBaseUtility.dylib */ = {isa = PBXFileReference; lastKnownFileType = "compiled.mach-o.dylib"; name = libBaseUtility.dylib; path = ../dim3Common/Libraries/libBaseUtility.dylib; sourceTree = SOURCE_ROOT; };
		269FED8313285CB30030B0B5 /* dim3setup.h */ = {isa = PBXFileReference; fileEncoding = 4; lastKnownFileType = sourcecode.c.h; name = dim3setup.h; path = Headers/dim3setup.h; sourceTree = "<group>"; };
		269FED8413285CB30030B0B5 /* interface.h */ = {isa = PBXFileReference; fileEncoding = 4; lastKnownFileType = sourcecode.c.h; name = interface.h; path = Headers/interface.h; sourceTree = "<group>"; };
		269FED8513285CB30030B0B5 /* setup_defs.h */ = {isa = PBXFileReference; fileEncoding = 4; lastKnownFileType = sourcecode.c.h; name = setup_defs.h; path = Headers/setup_defs.h; sourceTree = "<group>"; };
		269FED8813285CE70030B0B5 /* glue.h */ = {isa = PBXFileReference; fileEncoding = 4; lastKnownFileType = sourcecode.c.h; name = glue.h; path = ../dim3Common/Headers/glue.h; sourceTree = SOURCE_ROOT; };
		269FED8913285CE70030B0B5 /* os_defs.h */ = {isa = PBXFileReference; fileEncoding = 4; lastKnownFileType = sourcecode.c.h; name = os_defs.h; path = ../dim3Common/Headers/os_defs.h; sourceTree = SOURCE_ROOT; };
		269FED8A13285CE70030B0B5 /* ui_common.h */ = {isa = PBXFileReference; fileEncoding = 4; lastKnownFileType = sourcecode.c.h; name = ui_common.h; path = ../dim3Common/Headers/ui_common.h; sourceTree = SOURCE_ROOT; };
		269FED8B13285CFD0030B0B5 /* baseutility.h */ = {isa = PBXFileReference; fileEncoding = 4; lastKnownFileType = sourcecode.c.h; name = baseutility.h; path = ../dim3Common/Headers/baseutility.h; sourceTree = SOURCE_ROOT; };
		269FED8C13285D300030B0B5 /* OSX_main.c */ = {isa = PBXFileReference; fileEncoding = 4; lastKnownFileType = sourcecode.c.c; name = OSX_main.c; path = Code/OSX_main.c; sourceTree = "<group>"; };
		26BDD879134AA97C002E6723 /* alt_property_palette_intro_button.c */ = {isa = PBXFileReference; fileEncoding = 4; lastKnownFileType = sourcecode.c.c; name = alt_property_palette_intro_button.c; path = Code/alt_property_palette_intro_button.c; sourceTree = "<group>"; };
		26BDD87A134AA97C002E6723 /* alt_property_palette_intro_model.c */ = {isa = PBXFileReference; fileEncoding = 4; lastKnownFileType = sourcecode.c.c; name = alt_property_palette_intro_model.c; path = Code/alt_property_palette_intro_model.c; sourceTree = "<group>"; };
		26BDD87B134AA97C002E6723 /* property_palette_hud.c */ = {isa = PBXFileReference; fileEncoding = 4; lastKnownFileType = sourcecode.c.c; name = property_palette_hud.c; path = Code/property_palette_hud.c; sourceTree = "<group>"; };
		26BDD87F134AA9A3002E6723 /* OSX_dialog_file_open.c */ = {isa = PBXFileReference; fileEncoding = 4; lastKnownFileType = sourcecode.c.c; name = OSX_dialog_file_open.c; path = ../dim3Common/Code/OSX_dialog_file_open.c; sourceTree = "<group>"; };
		26C19FCE137B418F00B8A4D3 /* alt_property_palette_particle.c */ = {isa = PBXFileReference; fileEncoding = 4; lastKnownFileType = sourcecode.c.c; name = alt_property_palette_particle.c; path = Code/alt_property_palette_particle.c; sourceTree = "<group>"; };
		26C19FCF137B418F00B8A4D3 /* alt_property_palette_ring.c */ = {isa = PBXFileReference; fileEncoding = 4; lastKnownFileType = sourcecode.c.c; name = alt_property_palette_ring.c; path = Code/alt_property_palette_ring.c; sourceTree = "<group>"; };
		26C3246F1357B3F800313FBF /* alt2_property_palette.c */ = {isa = PBXFileReference; fileEncoding = 4; lastKnownFileType = sourcecode.c.c; name = alt2_property_palette.c; path = Code/alt2_property_palette.c; sourceTree = "<group>"; };
		26C324701357B3F800313FBF /* property_palette_chooser.c */ = {isa = PBXFileReference; fileEncoding = 4; lastKnownFileType = sourcecode.c.c; name = property_palette_chooser.c; path = Code/property_palette_chooser.c; sourceTree = "<group>"; };
		26C324711357B3F800313FBF /* property_palette_menu.c */ = {isa = PBXFileReference; fileEncoding = 4; lastKnownFileType = sourcecode.c.c; name = property_palette_menu.c; path = Code/property_palette_menu.c; sourceTree = "<group>"; };
		26C87D7A1339427A00DA562E /* Edit.png */ = {isa = PBXFileReference; lastKnownFileType = image.png; name = Edit.png; path = "Resources/Additional Data/Icons/Lists/Edit.png"; sourceTree = "<group>"; };
		26C87D7B1339427A00DA562E /* Minus.png */ = {isa = PBXFileReference; lastKnownFileType = image.png; name = Minus.png; path = "Resources/Additional Data/Icons/Lists/Minus.png"; sourceTree = "<group>"; };
		26C87D7C1339427A00DA562E /* Plus.png */ = {isa = PBXFileReference; lastKnownFileType = image.png; name = Plus.png; path = "Resources/Additional Data/Icons/Lists/Plus.png"; sourceTree = "<group>"; };
		26C87D7D1339427A00DA562E /* Set.png */ = {isa = PBXFileReference; lastKnownFileType = image.png; name = Set.png; path = "Resources/Additional Data/Icons/Lists/Set.png"; sourceTree = "<group>"; };
		26C87D9A1339435500DA562E /* property_palette_sounds.c */ = {isa = PBXFileReference; fileEncoding = 4; lastKnownFileType = sourcecode.c.c; name = property_palette_sounds.c; path = Code/property_palette_sounds.c; sourceTree = "<group>"; };
		26D15C6F1329E3EF00F9EC7B /* alt_property_palette.c */ = {isa = PBXFileReference; fileEncoding = 4; lastKnownFileType = sourcecode.c.c; name = alt_property_palette.c; path = Code/alt_property_palette.c; sourceTree = "<group>"; };
		26D15C701329E3EF00F9EC7B /* item_palette.c */ = {isa = PBXFileReference; fileEncoding = 4; lastKnownFileType = sourcecode.c.c; name = item_palette.c; path = Code/item_palette.c; sourceTree = "<group>"; };
		26D15C711329E3EF00F9EC7B /* property_palette.c */ = {isa = PBXFileReference; fileEncoding = 4; lastKnownFileType = sourcecode.c.c; name = property_palette.c; path = Code/property_palette.c; sourceTree = "<group>"; };
		26D15C791329E42400F9EC7B /* list_palette_common.c */ = {isa = PBXFileReference; fileEncoding = 4; lastKnownFileType = sourcecode.c.c; name = list_palette_common.c; path = ../dim3Common/Code/list_palette_common.c; sourceTree = SOURCE_ROOT; };
		26D15C7A1329E42400F9EC7B /* text_common.c */ = {isa = PBXFileReference; fileEncoding = 4; lastKnownFileType = sourcecode.c.c; name = text_common.c; path = ../dim3Common/Code/text_common.c; sourceTree = SOURCE_ROOT; };
		26D15D1E1329E6F700F9EC7B /* osx_dialog.h */ = {isa = PBXFileReference; fileEncoding = 4; lastKnownFileType = sourcecode.c.h; name = osx_dialog.h; path = ../dim3Common/Headers/osx_dialog.h; sourceTree = SOURCE_ROOT; };
		26D15D4F1329E7CD00F9EC7B /* property_utility_common.c */ = {isa = PBXFileReference; fileEncoding = 4; lastKnownFileType = sourcecode.c.c; name = property_utility_common.c; path = ../dim3Common/Code/property_utility_common.c; sourceTree = SOURCE_ROOT; };
		26D15D5B1329E7F700F9EC7B /* ui_common.h */ = {isa = PBXFileReference; fileEncoding = 4; lastKnownFileType = sourcecode.c.h; name = ui_common.h; path = ../dim3Common/Headers/ui_common.h; sourceTree = SOURCE_ROOT; };
		26D15DD91329EB6100F9EC7B /* OSX_dialog_about.c */ = {isa = PBXFileReference; fileEncoding = 4; lastKnownFileType = sourcecode.c.c; name = OSX_dialog_about.c; path = ../dim3Common/Code/OSX_dialog_about.c; sourceTree = SOURCE_ROOT; };
		26D15DDC1329EB6100F9EC7B /* OSX_dialog_property_chord.c */ = {isa = PBXFileReference; fileEncoding = 4; lastKnownFileType = sourcecode.c.c; name = OSX_dialog_property_chord.c; path = ../dim3Common/Code/OSX_dialog_property_chord.c; sourceTree = SOURCE_ROOT; };
		26D15DDD1329EB6100F9EC7B /* OSX_dialog_property_list.c */ = {isa = PBXFileReference; fileEncoding = 4; lastKnownFileType = sourcecode.c.c; name = OSX_dialog_property_list.c; path = ../dim3Common/Code/OSX_dialog_property_list.c; sourceTree = SOURCE_ROOT; };
		26D15DDE1329EB6100F9EC7B /* OSX_dialog_property_string.c */ = {isa = PBXFileReference; fileEncoding = 4; lastKnownFileType = sourcecode.c.c; name = OSX_dialog_property_string.c; path = ../dim3Common/Code/OSX_dialog_property_string.c; sourceTree = SOURCE_ROOT; };
		26D15DDF1329EB6100F9EC7B /* OSX_dialog_utility_common.c */ = {isa = PBXFileReference; fileEncoding = 4; lastKnownFileType = sourcecode.c.c; name = OSX_dialog_utility_common.c; path = ../dim3Common/Code/OSX_dialog_utility_common.c; sourceTree = SOURCE_ROOT; };
		26D82FCA134FB5A800CC229F /* alt_property_palette_hud_bar.c */ = {isa = PBXFileReference; fileEncoding = 4; lastKnownFileType = sourcecode.c.c; name = alt_property_palette_hud_bar.c; path = Code/alt_property_palette_hud_bar.c; sourceTree = "<group>"; };
		26D82FCB134FB5A800CC229F /* alt_property_palette_hud_bitmap.c */ = {isa = PBXFileReference; fileEncoding = 4; lastKnownFileType = sourcecode.c.c; name = alt_property_palette_hud_bitmap.c; path = Code/alt_property_palette_hud_bitmap.c; sourceTree = "<group>"; };
		26D82FCC134FB5A800CC229F /* alt_property_palette_hud_text.c */ = {isa = PBXFileReference; fileEncoding = 4; lastKnownFileType = sourcecode.c.c; name = alt_property_palette_hud_text.c; path = Code/alt_property_palette_hud_text.c; sourceTree = "<group>"; };
		26EB2AAD135CE09700C85532 /* alt_property_palette_action.c */ = {isa = PBXFileReference; fileEncoding = 4; lastKnownFileType = sourcecode.c.c; name = alt_property_palette_action.c; path = Code/alt_property_palette_action.c; sourceTree = "<group>"; };
		26EB2AAE135CE09700C85532 /* alt_property_palette_crosshair.c */ = {isa = PBXFileReference; fileEncoding = 4; lastKnownFileType = sourcecode.c.c; name = alt_property_palette_crosshair.c; path = Code/alt_property_palette_crosshair.c; sourceTree = "<group>"; };
		26EB2AAF135CE09700C85532 /* alt_property_palette_halo.c */ = {isa = PBXFileReference; fileEncoding = 4; lastKnownFileType = sourcecode.c.c; name = alt_property_palette_halo.c; path = Code/alt_property_palette_halo.c; sourceTree = "<group>"; };
		26EB2AB0135CE09700C85532 /* alt_property_palette_mark.c */ = {isa = PBXFileReference; fileEncoding = 4; lastKnownFileType = sourcecode.c.c; name = alt_property_palette_mark.c; path = Code/alt_property_palette_mark.c; sourceTree = "<group>"; };
		26EB2AB1135CE09700C85532 /* alt_property_palette_sound.c */ = {isa = PBXFileReference; fileEncoding = 4; lastKnownFileType = sourcecode.c.c; name = alt_property_palette_sound.c; path = Code/alt_property_palette_sound.c; sourceTree = "<group>"; };
		26F773BB1328867F007C3EBD /* main_window.c */ = {isa = PBXFileReference; fileEncoding = 4; lastKnownFileType = sourcecode.c.c; name = main_window.c; path = Code/main_window.c; sourceTree = "<group>"; };
		26F773C71328871E007C3EBD /* OSX_glue.c */ = {isa = PBXFileReference; fileEncoding = 4; lastKnownFileType = sourcecode.c.c; name = OSX_glue.c; path = ../dim3Common/Code/OSX_glue.c; sourceTree = SOURCE_ROOT; };
		26F773CA1328872A007C3EBD /* menu.c */ = {isa = PBXFileReference; fileEncoding = 4; lastKnownFileType = sourcecode.c.c; name = menu.c; path = Code/menu.c; sourceTree = "<group>"; };
/* End PBXFileReference section */

/* Begin PBXFrameworksBuildPhase section */
		269FECAE132844680030B0B5 /* Frameworks */ = {
			isa = PBXFrameworksBuildPhase;
			buildActionMask = 2147483647;
			files = (
				269FECC11328488B0030B0B5 /* Carbon.framework in Frameworks */,
				269FED7C132848970030B0B5 /* AGL.framework in Frameworks */,
				269FED7E132848A10030B0B5 /* OpenGL.framework in Frameworks */,
				269FED80132848B30030B0B5 /* PNG.framework in Frameworks */,
				269FED82132848C20030B0B5 /* libBaseUtility.dylib in Frameworks */,
			);
			runOnlyForDeploymentPostprocessing = 0;
		};
/* End PBXFrameworksBuildPhase section */

/* Begin PBXGroup section */
		269FEC7B13283F970030B0B5 = {
			isa = PBXGroup;
			children = (
				269FEC9A132840220030B0B5 /* Headers */,
				269FEC8F1328401B0030B0B5 /* Sources */,
				269FEC9E132840670030B0B5 /* Resources */,
				26C87D761339423500DA562E /* Additional Data */,
				269FEC9F132840930030B0B5 /* Libraries */,
				269FECA0132840A10030B0B5 /* Frameworks */,
				269FECB1132844680030B0B5 /* Products */,
			);
			sourceTree = "<group>";
		};
		269FEC8F1328401B0030B0B5 /* Sources */ = {
			isa = PBXGroup;
			children = (
				269FEC9B132840360030B0B5 /* Windows */,
				269FEC9C1328403E0030B0B5 /* Palettes */,
				26D15C811329E42F00F9EC7B /* Dialogs */,
				269FEC9D1328404B0030B0B5 /* Main */,
			);
			name = Sources;
			sourceTree = "<group>";
		};
		269FEC9A132840220030B0B5 /* Headers */ = {
			isa = PBXGroup;
			children = (
				269FED8A13285CE70030B0B5 /* ui_common.h */,
				269FED8313285CB30030B0B5 /* dim3setup.h */,
				269FED8513285CB30030B0B5 /* setup_defs.h */,
				269FED8913285CE70030B0B5 /* os_defs.h */,
				269FED8813285CE70030B0B5 /* glue.h */,
				269FED8B13285CFD0030B0B5 /* baseutility.h */,
				26D15D5B1329E7F700F9EC7B /* ui_common.h */,
				269FED8413285CB30030B0B5 /* interface.h */,
				26D15D1E1329E6F700F9EC7B /* osx_dialog.h */,
			);
			name = Headers;
			sourceTree = "<group>";
		};
		269FEC9B132840360030B0B5 /* Windows */ = {
			isa = PBXGroup;
			children = (
				26F773BB1328867F007C3EBD /* main_window.c */,
				26F773CA1328872A007C3EBD /* menu.c */,
			);
			name = Windows;
			sourceTree = "<group>";
		};
		269FEC9C1328403E0030B0B5 /* Palettes */ = {
			isa = PBXGroup;
			children = (
				26D15C791329E42400F9EC7B /* list_palette_common.c */,
				26D15C701329E3EF00F9EC7B /* item_palette.c */,
				268382A0133D4F3D0035315B /* property_palette_settings.c */,
				2649D11D1341270B00573F6F /* property_palette_intro.c */,
				26BDD87B134AA97C002E6723 /* property_palette_hud.c */,
				269EC50F1356501E00C3223C /* property_palette_radar.c */,
				269EC50E1356501E00C3223C /* property_palette_multiplayer.c */,
				26C324711357B3F800313FBF /* property_palette_menu.c */,
				26C324701357B3F800313FBF /* property_palette_chooser.c */,
				26C87D9A1339435500DA562E /* property_palette_sounds.c */,
				2683829E133D4F3D0035315B /* property_palette_particles.c */,
				2683829F133D4F3D0035315B /* property_palette_rings.c */,
				2683829C133D4F3D0035315B /* property_palette_halos.c */,
				2683829D133D4F3D0035315B /* property_palette_marks.c */,
				2683829B133D4F3D0035315B /* property_palette_crosshairs.c */,
				2683829A133D4F3D0035315B /* property_palette_actions.c */,
				269E97BF1360EE980027B9BF /* property_palette_shaders.c */,
				26D15C711329E3EF00F9EC7B /* property_palette.c */,
				26D15C6F1329E3EF00F9EC7B /* alt_property_palette.c */,
				26BDD879134AA97C002E6723 /* alt_property_palette_intro_button.c */,
				26BDD87A134AA97C002E6723 /* alt_property_palette_intro_model.c */,
				26D82FCB134FB5A800CC229F /* alt_property_palette_hud_bitmap.c */,
				26D82FCC134FB5A800CC229F /* alt_property_palette_hud_text.c */,
				26D82FCA134FB5A800CC229F /* alt_property_palette_hud_bar.c */,
				269EC50D1356501E00C3223C /* alt_property_palette_radar_icon.c */,
				269EC50A1356501E00C3223C /* alt_property_palette_multiplayer_character.c */,
				269EC50B1356501E00C3223C /* alt_property_palette_multiplayer_game.c */,
				269EC50C1356501E00C3223C /* alt_property_palette_multiplayer_option.c */,
				26514F6F13594F2500298860 /* alt_property_palette_menu.c */,
				26514F6E13594F2500298860 /* alt_property_palette_chooser.c */,
				26EB2AB1135CE09700C85532 /* alt_property_palette_sound.c */,
				26C19FCE137B418F00B8A4D3 /* alt_property_palette_particle.c */,
				269A94F3137C8E080072F87F /* alt_property_palette_particle_group.c */,
				26C19FCF137B418F00B8A4D3 /* alt_property_palette_ring.c */,
				26EB2AAF135CE09700C85532 /* alt_property_palette_halo.c */,
				26EB2AB0135CE09700C85532 /* alt_property_palette_mark.c */,
				26EB2AAE135CE09700C85532 /* alt_property_palette_crosshair.c */,
				26EB2AAD135CE09700C85532 /* alt_property_palette_action.c */,
				269E97BE1360EE980027B9BF /* alt_property_palette_shader.c */,
				26C3246F1357B3F800313FBF /* alt2_property_palette.c */,
				26514F7113594F2500298860 /* alt2_property_palette_menu_item.c */,
				26514F7013594F2500298860 /* alt2_property_palette_chooser_piece.c */,
				269A94F4137C8E080072F87F /* alt2_property_palette_group_particle.c */,
				26D15D4F1329E7CD00F9EC7B /* property_utility_common.c */,
				26D15C7A1329E42400F9EC7B /* text_common.c */,
			);
			name = Palettes;
			sourceTree = "<group>";
		};
		269FEC9D1328404B0030B0B5 /* Main */ = {
			isa = PBXGroup;
			children = (
				269FED8C13285D300030B0B5 /* OSX_main.c */,
				26F773C71328871E007C3EBD /* OSX_glue.c */,
			);
			name = Main;
			sourceTree = "<group>";
		};
		269FEC9E132840670030B0B5 /* Resources */ = {
			isa = PBXGroup;
			children = (
				269FECB91328457F0030B0B5 /* Info-dim3_Setup.plist */,
				269FECBC132845880030B0B5 /* dim3 Setup.nib */,
				269FECBB132845880030B0B5 /* dim3 Setup.icns */,
			);
			name = Resources;
			sourceTree = "<group>";
		};
		269FEC9F132840930030B0B5 /* Libraries */ = {
			isa = PBXGroup;
			children = (
				269FED81132848C20030B0B5 /* libBaseUtility.dylib */,
			);
			name = Libraries;
			sourceTree = "<group>";
		};
		269FECA0132840A10030B0B5 /* Frameworks */ = {
			isa = PBXGroup;
			children = (
				269FECC01328488B0030B0B5 /* Carbon.framework */,
				269FED7B132848970030B0B5 /* AGL.framework */,
				269FED7D132848A10030B0B5 /* OpenGL.framework */,
				269FED7F132848B30030B0B5 /* PNG.framework */,
			);
			name = Frameworks;
			sourceTree = "<group>";
		};
		269FECB1132844680030B0B5 /* Products */ = {
			isa = PBXGroup;
			children = (
				269FECB0132844680030B0B5 /* dim3 Setup.app */,
			);
			name = Products;
			sourceTree = "<group>";
		};
		26C87D761339423500DA562E /* Additional Data */ = {
			isa = PBXGroup;
			children = (
				26C87D781339425600DA562E /* Icons */,
			);
			name = "Additional Data";
			sourceTree = "<group>";
		};
		26C87D781339425600DA562E /* Icons */ = {
			isa = PBXGroup;
			children = (
				26C87D791339425E00DA562E /* Lists */,
			);
			name = Icons;
			sourceTree = "<group>";
		};
		26C87D791339425E00DA562E /* Lists */ = {
			isa = PBXGroup;
			children = (
				26C87D7A1339427A00DA562E /* Edit.png */,
				26C87D7B1339427A00DA562E /* Minus.png */,
				26C87D7C1339427A00DA562E /* Plus.png */,
				26C87D7D1339427A00DA562E /* Set.png */,
			);
			name = Lists;
			sourceTree = "<group>";
		};
		26D15C811329E42F00F9EC7B /* Dialogs */ = {
			isa = PBXGroup;
			children = (
				26BDD87F134AA9A3002E6723 /* OSX_dialog_file_open.c */,
				26D15DDF1329EB6100F9EC7B /* OSX_dialog_utility_common.c */,
				26D15DD91329EB6100F9EC7B /* OSX_dialog_about.c */,
				26D15DDE1329EB6100F9EC7B /* OSX_dialog_property_string.c */,
				26D15DDC1329EB6100F9EC7B /* OSX_dialog_property_chord.c */,
				26D15DDD1329EB6100F9EC7B /* OSX_dialog_property_list.c */,
			);
			name = Dialogs;
			sourceTree = "<group>";
		};
/* End PBXGroup section */

/* Begin PBXNativeTarget section */
		269FECAF132844680030B0B5 /* dim3 Setup */ = {
			isa = PBXNativeTarget;
			buildConfigurationList = 269FECB6132844690030B0B5 /* Build configuration list for PBXNativeTarget "dim3 Setup" */;
			buildPhases = (
				269FECAC132844680030B0B5 /* Resources */,
				269FECAD132844680030B0B5 /* Sources */,
				269FECAE132844680030B0B5 /* Frameworks */,
				269FEDC213285FB20030B0B5 /* Copy Frameworks */,
				26C87D84133942E400DA562E /* Copy (List Icons) */,
				269FEDDB132860160030B0B5 /* Copy Application */,
			);
			buildRules = (
			);
			dependencies = (
			);
			name = "dim3 Setup";
			productName = dim3Setup;
			productReference = 269FECB0132844680030B0B5 /* dim3 Setup.app */;
			productType = "com.apple.product-type.application";
		};
/* End PBXNativeTarget section */

/* Begin PBXProject section */
		269FEC7D13283F970030B0B5 /* Project object */ = {
			isa = PBXProject;
			buildConfigurationList = 269FEC8013283F970030B0B5 /* Build configuration list for PBXProject "dim3Setup" */;
			compatibilityVersion = "Xcode 2.4";
			developmentRegion = English;
			hasScannedForEncodings = 0;
			knownRegions = (
				English,
				Japanese,
				French,
				German,
			);
			mainGroup = 269FEC7B13283F970030B0B5;
			productRefGroup = 269FECB1132844680030B0B5 /* Products */;
			projectDirPath = "";
			projectRoot = "";
			targets = (
				269FECAF132844680030B0B5 /* dim3 Setup */,
			);
		};
/* End PBXProject section */

/* Begin PBXResourcesBuildPhase section */
		269FECAC132844680030B0B5 /* Resources */ = {
			isa = PBXResourcesBuildPhase;
			buildActionMask = 2147483647;
			files = (
				269FECBD132845880030B0B5 /* dim3 Setup.icns in Resources */,
				269FECBE132845880030B0B5 /* dim3 Setup.nib in Resources */,
			);
			runOnlyForDeploymentPostprocessing = 0;
		};
/* End PBXResourcesBuildPhase section */

/* Begin PBXSourcesBuildPhase section */
		269FECAD132844680030B0B5 /* Sources */ = {
			isa = PBXSourcesBuildPhase;
			buildActionMask = 2147483647;
			files = (
				269FED8D13285D300030B0B5 /* OSX_main.c in Sources */,
				26F773BC1328867F007C3EBD /* main_window.c in Sources */,
				26F773C81328871E007C3EBD /* OSX_glue.c in Sources */,
				26F773CB1328872A007C3EBD /* menu.c in Sources */,
				26D15C721329E3EF00F9EC7B /* alt_property_palette.c in Sources */,
				26D15C731329E3EF00F9EC7B /* item_palette.c in Sources */,
				26D15C741329E3EF00F9EC7B /* property_palette.c in Sources */,
				26D15C7F1329E42400F9EC7B /* list_palette_common.c in Sources */,
				26D15C801329E42400F9EC7B /* text_common.c in Sources */,
				26D15D6D1329E8A000F9EC7B /* property_utility_common.c in Sources */,
				26D15DE01329EB6100F9EC7B /* OSX_dialog_about.c in Sources */,
				26D15DE31329EB6100F9EC7B /* OSX_dialog_property_chord.c in Sources */,
				26D15DE41329EB6100F9EC7B /* OSX_dialog_property_list.c in Sources */,
				26D15DE51329EB6100F9EC7B /* OSX_dialog_property_string.c in Sources */,
				26D15DE61329EB6100F9EC7B /* OSX_dialog_utility_common.c in Sources */,
				26C87D9B1339435500DA562E /* property_palette_sounds.c in Sources */,
				268382A1133D4F3D0035315B /* property_palette_actions.c in Sources */,
				268382A2133D4F3D0035315B /* property_palette_crosshairs.c in Sources */,
				268382A3133D4F3D0035315B /* property_palette_halos.c in Sources */,
				268382A4133D4F3D0035315B /* property_palette_marks.c in Sources */,
				268382A5133D4F3D0035315B /* property_palette_particles.c in Sources */,
				268382A6133D4F3D0035315B /* property_palette_rings.c in Sources */,
				268382A7133D4F3D0035315B /* property_palette_settings.c in Sources */,
				2649D11E1341270B00573F6F /* property_palette_intro.c in Sources */,
				26BDD87C134AA97C002E6723 /* alt_property_palette_intro_button.c in Sources */,
				26BDD87D134AA97C002E6723 /* alt_property_palette_intro_model.c in Sources */,
				26BDD87E134AA97C002E6723 /* property_palette_hud.c in Sources */,
				26BDD880134AA9A3002E6723 /* OSX_dialog_file_open.c in Sources */,
				26D82FCD134FB5A800CC229F /* alt_property_palette_hud_bar.c in Sources */,
				26D82FCE134FB5A800CC229F /* alt_property_palette_hud_bitmap.c in Sources */,
				26D82FCF134FB5A800CC229F /* alt_property_palette_hud_text.c in Sources */,
				269EC5101356501E00C3223C /* alt_property_palette_multiplayer_character.c in Sources */,
				269EC5111356501E00C3223C /* alt_property_palette_multiplayer_game.c in Sources */,
				269EC5121356501E00C3223C /* alt_property_palette_multiplayer_option.c in Sources */,
				269EC5131356501E00C3223C /* alt_property_palette_radar_icon.c in Sources */,
				269EC5141356501E00C3223C /* property_palette_multiplayer.c in Sources */,
				269EC5151356501E00C3223C /* property_palette_radar.c in Sources */,
				26C324721357B3F800313FBF /* alt2_property_palette.c in Sources */,
				26C324731357B3F800313FBF /* property_palette_chooser.c in Sources */,
				26C324741357B3F800313FBF /* property_palette_menu.c in Sources */,
				26514F7213594F2500298860 /* alt_property_palette_chooser.c in Sources */,
				26514F7313594F2500298860 /* alt_property_palette_menu.c in Sources */,
				26514F7413594F2500298860 /* alt2_property_palette_chooser_piece.c in Sources */,
				26514F7513594F2500298860 /* alt2_property_palette_menu_item.c in Sources */,
				26EB2AB2135CE09700C85532 /* alt_property_palette_action.c in Sources */,
				26EB2AB3135CE09700C85532 /* alt_property_palette_crosshair.c in Sources */,
				26EB2AB4135CE09700C85532 /* alt_property_palette_halo.c in Sources */,
				26EB2AB5135CE09700C85532 /* alt_property_palette_mark.c in Sources */,
				26EB2AB6135CE09700C85532 /* alt_property_palette_sound.c in Sources */,
				269E97C01360EE980027B9BF /* alt_property_palette_shader.c in Sources */,
				269E97C11360EE980027B9BF /* property_palette_shaders.c in Sources */,
				26C19FD0137B418F00B8A4D3 /* alt_property_palette_particle.c in Sources */,
				26C19FD1137B418F00B8A4D3 /* alt_property_palette_ring.c in Sources */,
				269A94F5137C8E080072F87F /* alt_property_palette_particle_group.c in Sources */,
				269A94F6137C8E080072F87F /* alt2_property_palette_group_particle.c in Sources */,
			);
			runOnlyForDeploymentPostprocessing = 0;
		};
/* End PBXSourcesBuildPhase section */

/* Begin XCBuildConfiguration section */
		269FEC7F13283F970030B0B5 /* Release */ = {
			isa = XCBuildConfiguration;
			buildSettings = {
				COPY_PHASE_STRIP = YES;
			};
			name = Release;
		};
		269FECB5132844690030B0B5 /* Release */ = {
			isa = XCBuildConfiguration;
			buildSettings = {
				ALWAYS_SEARCH_USER_PATHS = YES;
				ARCHS = i386;
				COPY_PHASE_STRIP = NO;
				DEBUG_INFORMATION_FORMAT = "dwarf-with-dsym";
				DEPLOYMENT_POSTPROCESSING = YES;
				FRAMEWORK_SEARCH_PATHS = "$(SRCROOT)/../dim3Common/Frameworks";
				GCC_ENABLE_CPP_EXCEPTIONS = NO;
				GCC_ENABLE_CPP_RTTI = NO;
				GCC_ENABLE_FIX_AND_CONTINUE = NO;
				GCC_ENABLE_OBJC_EXCEPTIONS = NO;
				GCC_ENABLE_SSE3_EXTENSIONS = YES;
				GCC_FAST_MATH = YES;
				GCC_OPTIMIZATION_LEVEL = 3;
				GCC_PRECOMPILE_PREFIX_HEADER = YES;
				GCC_PREFIX_HEADER = headers/dim3setup.h;
				GCC_PREPROCESSOR_DEFINITIONS = D3_SETUP;
				GCC_STRICT_ALIASING = YES;
				GCC_UNROLL_LOOPS = YES;
				GCC_VERSION = com.apple.compilers.llvm.clang.1_0;
				GCC_WARN_ABOUT_DEPRECATED_FUNCTIONS = NO;
				GCC_WARN_ABOUT_RETURN_TYPE = YES;
				GCC_WARN_CHECK_SWITCH_STATEMENTS = YES;
				GCC_WARN_INITIALIZER_NOT_FULLY_BRACKETED = YES;
				GCC_WARN_MISSING_PARENTHESES = YES;
				GCC_WARN_UNKNOWN_PRAGMAS = YES;
				GCC_WARN_UNUSED_FUNCTION = YES;
				GCC_WARN_UNUSED_LABEL = YES;
				GCC_WARN_UNUSED_VALUE = YES;
				GCC_WARN_UNUSED_VARIABLE = YES;
				INFOPLIST_FILE = "Resources/Info-dim3_Setup.plist";
				INSTALL_PATH = "$(HOME)/Applications";
				LIBRARY_SEARCH_PATHS = "$(SRCROOT)/../dim3Common/Libraries";
				LLVM_LTO = YES;
				MACOSX_DEPLOYMENT_TARGET = 10.5;
				OTHER_LDFLAGS = "";
				PREBINDING = NO;
				PRODUCT_NAME = "dim3 Setup";
				SDKROOT = "$(DEVELOPER_SDK_DIR)/MacOSX10.6.sdk";
				SKIP_INSTALL = YES;
			};
			name = Release;
		};
/* End XCBuildConfiguration section */

/* Begin XCConfigurationList section */
		269FEC8013283F970030B0B5 /* Build configuration list for PBXProject "dim3Setup" */ = {
			isa = XCConfigurationList;
			buildConfigurations = (
				269FEC7F13283F970030B0B5 /* Release */,
			);
			defaultConfigurationIsVisible = 0;
			defaultConfigurationName = Release;
		};
		269FECB6132844690030B0B5 /* Build configuration list for PBXNativeTarget "dim3 Setup" */ = {
			isa = XCConfigurationList;
			buildConfigurations = (
				269FECB5132844690030B0B5 /* Release */,
			);
			defaultConfigurationIsVisible = 0;
			defaultConfigurationName = Release;
		};
/* End XCConfigurationList section */
	};
	rootObject = 269FEC7D13283F970030B0B5 /* Project object */;
}
