// !$*UTF8*$!
{
	archiveVersion = 1;
	classes = {
	};
	objectVersion = 46;
	objects = {

/* Begin PBXBuildFile section */
		260B3BE414103A3A006ED023 /* property_palette_light_media.c in Sources */ = {isa = PBXBuildFile; fileRef = 260B3BE314103A3A006ED023 /* property_palette_light_media.c */; };
		260C1471129C777100B6D5B5 /* property_palette_node.c in Sources */ = {isa = PBXBuildFile; fileRef = 260C146E129C777100B6D5B5 /* property_palette_node.c */; };
		260C1472129C777100B6D5B5 /* property_palette_particle.c in Sources */ = {isa = PBXBuildFile; fileRef = 260C146F129C777100B6D5B5 /* property_palette_particle.c */; };
		260C1473129C777100B6D5B5 /* property_palette_scenery.c in Sources */ = {isa = PBXBuildFile; fileRef = 260C1470129C777100B6D5B5 /* property_palette_scenery.c */; };
		260D584C1295E85E00D0D14F /* property_palette_liquid.c in Sources */ = {isa = PBXBuildFile; fileRef = 260D584A1295E85E00D0D14F /* property_palette_liquid.c */; };
		260D584D1295E85E00D0D14F /* property_palette_spot.c in Sources */ = {isa = PBXBuildFile; fileRef = 260D584B1295E85E00D0D14F /* property_palette_spot.c */; };
		261CEB8112D156D800D1D8BF /* dialog_obj_import.c in Sources */ = {isa = PBXBuildFile; fileRef = 261CEB8012D156D800D1D8BF /* dialog_obj_import.c */; };
		26232DD313065713008DC42B /* osx_dialog.h in Headers */ = {isa = PBXBuildFile; fileRef = 26232DD213065713008DC42B /* osx_dialog.h */; };
		262C38D212D0211200A94FEE /* ui_common.h in Headers */ = {isa = PBXBuildFile; fileRef = 262C38D112D0211200A94FEE /* ui_common.h */; };
		262C397012D0268500A94FEE /* list_palette_common.c in Sources */ = {isa = PBXBuildFile; fileRef = 262C396F12D0268500A94FEE /* list_palette_common.c */; };
		263C5EBE122045E3008935B9 /* view_handle.c in Sources */ = {isa = PBXBuildFile; fileRef = 263C5EBD122045E3008935B9 /* view_handle.c */; };
		2642872B12EE8C740078851E /* Set.png in Copy (Lists Icons) */ = {isa = PBXBuildFile; fileRef = 2642872912EE8C640078851E /* Set.png */; };
		26452F11127F9B3100043C34 /* view_movement.c in Sources */ = {isa = PBXBuildFile; fileRef = 26452F0F127F9B3100043C34 /* view_movement.c */; };
		26452F12127F9B3100043C34 /* view.c in Sources */ = {isa = PBXBuildFile; fileRef = 26452F10127F9B3100043C34 /* view.c */; };
		26452F1B127F9BA800043C34 /* view_click_drag.c in Sources */ = {isa = PBXBuildFile; fileRef = 26452F15127F9BA800043C34 /* view_click_drag.c */; };
		26452F1C127F9BA800043C34 /* view_click_piece.c in Sources */ = {isa = PBXBuildFile; fileRef = 26452F16127F9BA800043C34 /* view_click_piece.c */; };
		26452F1E127F9BA800043C34 /* view_draw_piece.c in Sources */ = {isa = PBXBuildFile; fileRef = 26452F18127F9BA800043C34 /* view_draw_piece.c */; };
		26452F1F127F9BA800043C34 /* view_draw_select.c in Sources */ = {isa = PBXBuildFile; fileRef = 26452F19127F9BA800043C34 /* view_draw_select.c */; };
		26452F20127F9BA800043C34 /* view_models.c in Sources */ = {isa = PBXBuildFile; fileRef = 26452F1A127F9BA800043C34 /* view_models.c */; };
		26459B5C13DBC5A200D7DD73 /* mac_os_defs.h in Headers */ = {isa = PBXBuildFile; fileRef = 26459B5B13DBC5A200D7DD73 /* mac_os_defs.h */; };
		26459B6513DBDA8800D7DD73 /* Back.png in Resources */ = {isa = PBXBuildFile; fileRef = 26459B6413DBDA8800D7DD73 /* Back.png */; };
		26459B6613DBDA9D00D7DD73 /* Back.png in Copy (Lists Icons) */ = {isa = PBXBuildFile; fileRef = 26459B6413DBDA8800D7DD73 /* Back.png */; };
		2647AD820E4F48D000BA3338 /* dialog_height_import.c in Sources */ = {isa = PBXBuildFile; fileRef = 2647AD810E4F48D000BA3338 /* dialog_height_import.c */; };
		264BC91B13661D900004A4AB /* liquid_reflection_maps.c in Sources */ = {isa = PBXBuildFile; fileRef = 264BC91A13661D900004A4AB /* liquid_reflection_maps.c */; };
		264D965E12921024005039CD /* OSX_main.c in Sources */ = {isa = PBXBuildFile; fileRef = 264D965D12921024005039CD /* OSX_main.c */; };
		265AB84712835C9E00F3F965 /* item_palette.c in Sources */ = {isa = PBXBuildFile; fileRef = 265AB84612835C9E00F3F965 /* item_palette.c */; };
		266DDE6D12E6714A004DA282 /* Edit.png in Copy (Lists Icons) */ = {isa = PBXBuildFile; fileRef = 266DDE5312E670B3004DA282 /* Edit.png */; };
		266DDE6E12E6714A004DA282 /* Minus.png in Copy (Lists Icons) */ = {isa = PBXBuildFile; fileRef = 266DDE5412E670B3004DA282 /* Minus.png */; };
		266DDE6F12E6714A004DA282 /* Plus.png in Copy (Lists Icons) */ = {isa = PBXBuildFile; fileRef = 266DDE5512E670B3004DA282 /* Plus.png */; };
		26772F810EBE8A6600F9E241 /* dialog_reposition.c in Sources */ = {isa = PBXBuildFile; fileRef = 26772F800EBE8A6600F9E241 /* dialog_reposition.c */; };
		26791D430E4D626700AAD058 /* dialog_grid_mesh.c in Sources */ = {isa = PBXBuildFile; fileRef = 26791D420E4D626700AAD058 /* dialog_grid_mesh.c */; };
		267FA93612C014F20098B4B8 /* property_palette_map.c in Sources */ = {isa = PBXBuildFile; fileRef = 267FA93512C014F20098B4B8 /* property_palette_map.c */; };
		26808225122057F600EB7897 /* view_picker.c in Sources */ = {isa = PBXBuildFile; fileRef = 26808224122057F600EB7897 /* view_picker.c */; };
		2681880310A3A28A000B2CD8 /* light_maps.c in Sources */ = {isa = PBXBuildFile; fileRef = 2681880210A3A28A000B2CD8 /* light_maps.c */; };
		26899FA90F1EBF25007860EB /* editor_defs.h in Headers */ = {isa = PBXBuildFile; fileRef = 26899FA80F1EBF25007860EB /* editor_defs.h */; };
		26937AE112D2D5C3001DEEB8 /* import_obj.c in Sources */ = {isa = PBXBuildFile; fileRef = 26937AE012D2D5C3001DEEB8 /* import_obj.c */; };
		26A0009D12975A130006F64F /* property_palette_light.c in Sources */ = {isa = PBXBuildFile; fileRef = 26A0009B12975A130006F64F /* property_palette_light.c */; };
		26A0009E12975A130006F64F /* property_palette_sound.c in Sources */ = {isa = PBXBuildFile; fileRef = 26A0009C12975A130006F64F /* property_palette_sound.c */; };
		26AFB4490D95E0E60004805A /* pieces_mesh.c in Sources */ = {isa = PBXBuildFile; fileRef = 26AFB4480D95E0E60004805A /* pieces_mesh.c */; };
		26AFB4D20D9615C00004805A /* maputility.h in Headers */ = {isa = PBXBuildFile; fileRef = 26AFB4D10D9615C00004805A /* maputility.h */; };
		26C5F02712612832000B0F9E /* Tool Grid.png in Copy (Tools Icons) */ = {isa = PBXBuildFile; fileRef = 26C5F00F12612826000B0F9E /* Tool Grid.png */; };
		26C5F02812612832000B0F9E /* Tool Height Map.png in Copy (Tools Icons) */ = {isa = PBXBuildFile; fileRef = 26C5F01012612826000B0F9E /* Tool Height Map.png */; };
		26C5F02912612832000B0F9E /* Tool Light.png in Copy (Tools Icons) */ = {isa = PBXBuildFile; fileRef = 26C5F01112612826000B0F9E /* Tool Light.png */; };
		26C5F02A12612832000B0F9E /* Tool Liquid.png in Copy (Tools Icons) */ = {isa = PBXBuildFile; fileRef = 26C5F01212612826000B0F9E /* Tool Liquid.png */; };
		26C5F02B12612832000B0F9E /* Tool Mesh UV.png in Copy (Tools Icons) */ = {isa = PBXBuildFile; fileRef = 26C5F01312612826000B0F9E /* Tool Mesh UV.png */; };
		26C5F02C12612832000B0F9E /* Tool Mesh.png in Copy (Tools Icons) */ = {isa = PBXBuildFile; fileRef = 26C5F01412612826000B0F9E /* Tool Mesh.png */; };
		26C5F02D12612832000B0F9E /* Tool Node.png in Copy (Tools Icons) */ = {isa = PBXBuildFile; fileRef = 26C5F01512612826000B0F9E /* Tool Node.png */; };
		26C5F02E12612832000B0F9E /* Tool Particle.png in Copy (Tools Icons) */ = {isa = PBXBuildFile; fileRef = 26C5F01612612826000B0F9E /* Tool Particle.png */; };
		26C5F02F12612832000B0F9E /* Tool Polygon.png in Copy (Tools Icons) */ = {isa = PBXBuildFile; fileRef = 26C5F01712612826000B0F9E /* Tool Polygon.png */; };
		26C5F03012612832000B0F9E /* Tool Scenery.png in Copy (Tools Icons) */ = {isa = PBXBuildFile; fileRef = 26C5F01812612826000B0F9E /* Tool Scenery.png */; };
		26C5F03112612832000B0F9E /* Tool Sound.png in Copy (Tools Icons) */ = {isa = PBXBuildFile; fileRef = 26C5F01912612826000B0F9E /* Tool Sound.png */; };
		26C5F03212612832000B0F9E /* Tool Spot.png in Copy (Tools Icons) */ = {isa = PBXBuildFile; fileRef = 26C5F01A12612826000B0F9E /* Tool Spot.png */; };
		26C5F0B0126130D0000B0F9E /* glue.h in Headers */ = {isa = PBXBuildFile; fileRef = 26C5F0AF126130D0000B0F9E /* glue.h */; };
		26C5F0EB126135DC000B0F9E /* tool_palette.c in Sources */ = {isa = PBXBuildFile; fileRef = 26C5F0EA126135DC000B0F9E /* tool_palette.c */; };
		26CAEC6B12D675A900310691 /* property_utility_common.c in Sources */ = {isa = PBXBuildFile; fileRef = 26CAEC6912D675A900310691 /* property_utility_common.c */; };
		26CAEC6C12D675A900310691 /* texture_edit_common.c in Sources */ = {isa = PBXBuildFile; fileRef = 26CAEC6A12D675A900310691 /* texture_edit_common.c */; };
		26CF62A5126BDE55002DCC2A /* tool_palette_common.c in Sources */ = {isa = PBXBuildFile; fileRef = 26CF62A4126BDE55002DCC2A /* tool_palette_common.c */; };
		26CFA0E01320769700DB808F /* tool_tip_common.c in Sources */ = {isa = PBXBuildFile; fileRef = 26CFA0DF1320769700DB808F /* tool_tip_common.c */; };
		26D15DBD1329EB0400F9EC7B /* OSX_dialog_about.c in Sources */ = {isa = PBXBuildFile; fileRef = 26D15DB61329EB0400F9EC7B /* OSX_dialog_about.c */; };
		26D15DBE1329EB0400F9EC7B /* OSX_dialog_file_new.c in Sources */ = {isa = PBXBuildFile; fileRef = 26D15DB71329EB0400F9EC7B /* OSX_dialog_file_new.c */; };
		26D15DBF1329EB0400F9EC7B /* OSX_dialog_file_open.c in Sources */ = {isa = PBXBuildFile; fileRef = 26D15DB81329EB0400F9EC7B /* OSX_dialog_file_open.c */; };
		26D15DC01329EB0400F9EC7B /* OSX_dialog_property_chord.c in Sources */ = {isa = PBXBuildFile; fileRef = 26D15DB91329EB0400F9EC7B /* OSX_dialog_property_chord.c */; };
		26D15DC11329EB0400F9EC7B /* OSX_dialog_property_list.c in Sources */ = {isa = PBXBuildFile; fileRef = 26D15DBA1329EB0400F9EC7B /* OSX_dialog_property_list.c */; };
		26D15DC21329EB0400F9EC7B /* OSX_dialog_property_string.c in Sources */ = {isa = PBXBuildFile; fileRef = 26D15DBB1329EB0400F9EC7B /* OSX_dialog_property_string.c */; };
		26D15DC31329EB0400F9EC7B /* OSX_dialog_utility_common.c in Sources */ = {isa = PBXBuildFile; fileRef = 26D15DBC1329EB0400F9EC7B /* OSX_dialog_utility_common.c */; };
		26D6BC5E13E2112E0087FFD4 /* property_palette_camera.c in Sources */ = {isa = PBXBuildFile; fileRef = 26D6BC5C13E2112E0087FFD4 /* property_palette_camera.c */; };
		26D6BC5F13E2112E0087FFD4 /* property_palette_sky_weather.c in Sources */ = {isa = PBXBuildFile; fileRef = 26D6BC5D13E2112E0087FFD4 /* property_palette_sky_weather.c */; };
		26DB6D970DDFCE4100BDD008 /* dialog_resize.c in Sources */ = {isa = PBXBuildFile; fileRef = 26DB6D960DDFCE4100BDD008 /* dialog_resize.c */; };
		26E0C40112F0D7EE00977D36 /* alt_property_palette_action.c in Sources */ = {isa = PBXBuildFile; fileRef = 26E0C3FE12F0D7EE00977D36 /* alt_property_palette_action.c */; };
		26E0C40212F0D7EE00977D36 /* alt_property_palette_move.c in Sources */ = {isa = PBXBuildFile; fileRef = 26E0C3FF12F0D7EE00977D36 /* alt_property_palette_move.c */; };
		26E0C40312F0D7EE00977D36 /* alt_property_palette.c in Sources */ = {isa = PBXBuildFile; fileRef = 26E0C40012F0D7EE00977D36 /* alt_property_palette.c */; };
		26E155EF12601C9D003158E5 /* OSX_glue.c in Sources */ = {isa = PBXBuildFile; fileRef = 26E155EE12601C9D003158E5 /* OSX_glue.c */; };
		26E4677812EB4CAD00867C53 /* property_palette_cinema.c in Sources */ = {isa = PBXBuildFile; fileRef = 26E4677512EB4CAD00867C53 /* property_palette_cinema.c */; };
		26E4677912EB4CAD00867C53 /* property_palette_group.c in Sources */ = {isa = PBXBuildFile; fileRef = 26E4677612EB4CAD00867C53 /* property_palette_group.c */; };
		26E4677A12EB4CAD00867C53 /* property_palette_movement.c in Sources */ = {isa = PBXBuildFile; fileRef = 26E4677712EB4CAD00867C53 /* property_palette_movement.c */; };
		26E8DBFE1270EA6C00ACA294 /* progress_common.c in Sources */ = {isa = PBXBuildFile; fileRef = 26E8DBFC1270EA6C00ACA294 /* progress_common.c */; };
		26E8DBFF1270EA6C00ACA294 /* text_common.c in Sources */ = {isa = PBXBuildFile; fileRef = 26E8DBFD1270EA6C00ACA294 /* text_common.c */; };
		26EA5B231291E5200083C9BF /* property_palette.c in Sources */ = {isa = PBXBuildFile; fileRef = 26EA5B211291E5200083C9BF /* property_palette.c */; };
		26EAA3A012CBF01400CF93AF /* property_palette_texture.c in Sources */ = {isa = PBXBuildFile; fileRef = 26EAA39F12CBF01400CF93AF /* property_palette_texture.c */; };
		26EB2AA6135CDF3700C85532 /* dialog_resize_texture.c in Sources */ = {isa = PBXBuildFile; fileRef = 26EB2AA5135CDF3700C85532 /* dialog_resize_texture.c */; };
		26EE3E4013DA81E4000ABAF1 /* libBaseUtility.dylib in Frameworks */ = {isa = PBXBuildFile; fileRef = 26EE3E3D13DA81E4000ABAF1 /* libBaseUtility.dylib */; };
		26EE3E4113DA81E4000ABAF1 /* libMapUtility.dylib in Frameworks */ = {isa = PBXBuildFile; fileRef = 26EE3E3E13DA81E4000ABAF1 /* libMapUtility.dylib */; };
		26EE3E4213DA81E4000ABAF1 /* libModelUtility.dylib in Frameworks */ = {isa = PBXBuildFile; fileRef = 26EE3E3F13DA81E4000ABAF1 /* libModelUtility.dylib */; };
		26EE3E4413DA81EA000ABAF1 /* libPNG.dylib in Frameworks */ = {isa = PBXBuildFile; fileRef = 26EE3E4313DA81EA000ABAF1 /* libPNG.dylib */; };
		26EE3E4513DA81F5000ABAF1 /* libBaseUtility.dylib in Copy Frameworks */ = {isa = PBXBuildFile; fileRef = 26EE3E3D13DA81E4000ABAF1 /* libBaseUtility.dylib */; };
		26EE3E4613DA81F7000ABAF1 /* libModelUtility.dylib in Copy Frameworks */ = {isa = PBXBuildFile; fileRef = 26EE3E3F13DA81E4000ABAF1 /* libModelUtility.dylib */; };
		26EE3E4713DA81F9000ABAF1 /* libMapUtility.dylib in Copy Frameworks */ = {isa = PBXBuildFile; fileRef = 26EE3E3E13DA81E4000ABAF1 /* libMapUtility.dylib */; };
		26EE3E4813DA81FC000ABAF1 /* libPNG.dylib in Copy Frameworks */ = {isa = PBXBuildFile; fileRef = 26EE3E4313DA81EA000ABAF1 /* libPNG.dylib */; };
		26EE494C126B8455001D0025 /* texture_palette_common.c in Sources */ = {isa = PBXBuildFile; fileRef = 26EE494B126B8455001D0025 /* texture_palette_common.c */; };
		26EE4A3E126B8E2E001D0025 /* import_text_decode_common.c in Sources */ = {isa = PBXBuildFile; fileRef = 26EE4A3D126B8E2E001D0025 /* import_text_decode_common.c */; };
		26F1D2C213035B0A00CDAE6B /* property_palette_editor_preference.c in Sources */ = {isa = PBXBuildFile; fileRef = 26F1D2C113035B0A00CDAE6B /* property_palette_editor_preference.c */; };
		26F4B4DB1294CFB600D754CC /* property_palette_mesh.c in Sources */ = {isa = PBXBuildFile; fileRef = 26F4B4DA1294CFB600D754CC /* property_palette_mesh.c */; };
		26F95EA4125AD1430016127D /* light.png in Copy (Items Icons) */ = {isa = PBXBuildFile; fileRef = 26636ADB125A8ED10090A321 /* light.png */; };
		26F95EA5125AD1430016127D /* node.png in Copy (Items Icons) */ = {isa = PBXBuildFile; fileRef = 26636ADC125A8ED10090A321 /* node.png */; };
		26F95EA6125AD1430016127D /* node_defined.png in Copy (Items Icons) */ = {isa = PBXBuildFile; fileRef = 26636ADD125A8ED10090A321 /* node_defined.png */; };
		26F95EA7125AD1430016127D /* particle.png in Copy (Items Icons) */ = {isa = PBXBuildFile; fileRef = 26636ADE125A8ED10090A321 /* particle.png */; };
		26F95EA8125AD1430016127D /* scenery.png in Copy (Items Icons) */ = {isa = PBXBuildFile; fileRef = 26636ADF125A8ED10090A321 /* scenery.png */; };
		26F95EA9125AD1430016127D /* sound.png in Copy (Items Icons) */ = {isa = PBXBuildFile; fileRef = 26636AE0125A8ED10090A321 /* sound.png */; };
		26F95EAA125AD1430016127D /* spot.png in Copy (Items Icons) */ = {isa = PBXBuildFile; fileRef = 26636AE1125A8ED10090A321 /* spot.png */; };
		26F95ECC125AD24D0016127D /* Tool Auto-Texture Mesh.png in Copy (Tools Icons) */ = {isa = PBXBuildFile; fileRef = 26636B03125A8EE20090A321 /* Tool Auto-Texture Mesh.png */; };
		26F95ECD125AD24D0016127D /* Tool Combine Meshes.png in Copy (Tools Icons) */ = {isa = PBXBuildFile; fileRef = 26636B04125A8EE20090A321 /* Tool Combine Meshes.png */; };
		26F95ECE125AD24D0016127D /* Tool Cull.png in Copy (Tools Icons) */ = {isa = PBXBuildFile; fileRef = 26636B05125A8EE20090A321 /* Tool Cull.png */; };
		26F95ECF125AD24D0016127D /* Tool Edit Map Script.png in Copy (Tools Icons) */ = {isa = PBXBuildFile; fileRef = 26636B06125A8EE20090A321 /* Tool Edit Map Script.png */; };
		26F95ED0125AD24D0016127D /* Tool Edit Mesh.png in Copy (Tools Icons) */ = {isa = PBXBuildFile; fileRef = 26636B07125A8EE20090A321 /* Tool Edit Mesh.png */; };
		26F95ED1125AD24D0016127D /* Tool Edit Polygons.png in Copy (Tools Icons) */ = {isa = PBXBuildFile; fileRef = 26636B08125A8EE20090A321 /* Tool Edit Polygons.png */; };
		26F95ED2125AD24D0016127D /* Tool Edit Vertexes.png in Copy (Tools Icons) */ = {isa = PBXBuildFile; fileRef = 26636B09125A8EE20090A321 /* Tool Edit Vertexes.png */; };
		26F95ED3125AD24D0016127D /* Tool Free Look.png in Copy (Tools Icons) */ = {isa = PBXBuildFile; fileRef = 26636B0A125A8EE20090A321 /* Tool Free Look.png */; };
		26F95ED4125AD24D0016127D /* Tool Large Grid.png in Copy (Tools Icons) */ = {isa = PBXBuildFile; fileRef = 26636B0B125A8EE20090A321 /* Tool Large Grid.png */; };
		26F95ED6125AD24D0016127D /* Tool Move Mode.png in Copy (Tools Icons) */ = {isa = PBXBuildFile; fileRef = 26636B0D125A8EE20090A321 /* Tool Move Mode.png */; };
		26F95ED7125AD24D0016127D /* Tool Move Points Together.png in Copy (Tools Icons) */ = {isa = PBXBuildFile; fileRef = 26636B0E125A8EE20090A321 /* Tool Move Points Together.png */; };
		26F95ED8125AD24D0016127D /* Tool Move Points.png in Copy (Tools Icons) */ = {isa = PBXBuildFile; fileRef = 26636B0F125A8EE20090A321 /* Tool Move Points.png */; };
		26F95ED9125AD24D0016127D /* Tool No Grid.png in Copy (Tools Icons) */ = {isa = PBXBuildFile; fileRef = 26636B10125A8EE20090A321 /* Tool No Grid.png */; };
		26F95EDA125AD24D0016127D /* Tool Node Link.png in Copy (Tools Icons) */ = {isa = PBXBuildFile; fileRef = 26636B11125A8EE20090A321 /* Tool Node Link.png */; };
		26F95EDB125AD24D0016127D /* Tool Node Remove Link.png in Copy (Tools Icons) */ = {isa = PBXBuildFile; fileRef = 26636B12125A8EE20090A321 /* Tool Node Remove Link.png */; };
		26F95EDC125AD24D0016127D /* Tool Node Select.png in Copy (Tools Icons) */ = {isa = PBXBuildFile; fileRef = 26636B13125A8EE20090A321 /* Tool Node Select.png */; };
		26F95EDD125AD24D0016127D /* Tool Normals.png in Copy (Tools Icons) */ = {isa = PBXBuildFile; fileRef = 26636B14125A8EE20090A321 /* Tool Normals.png */; };
		26F95EDE125AD24D0016127D /* Tool Rotate Mode.png in Copy (Tools Icons) */ = {isa = PBXBuildFile; fileRef = 26636B15125A8EE20090A321 /* Tool Rotate Mode.png */; };
		26F95EDF125AD24D0016127D /* Tool Run Map.png in Copy (Tools Icons) */ = {isa = PBXBuildFile; fileRef = 26636B16125A8EE20090A321 /* Tool Run Map.png */; };
		26F95EE0125AD24D0016127D /* Tool Small Grid.png in Copy (Tools Icons) */ = {isa = PBXBuildFile; fileRef = 26636B17125A8EE20090A321 /* Tool Small Grid.png */; };
		26F95EE1125AD24D0016127D /* Tool Snap Points.png in Copy (Tools Icons) */ = {isa = PBXBuildFile; fileRef = 26636B18125A8EE20090A321 /* Tool Snap Points.png */; };
		26F95EE2125AD24D0016127D /* Tool Split Mesh.png in Copy (Tools Icons) */ = {isa = PBXBuildFile; fileRef = 26636B19125A8EE20090A321 /* Tool Split Mesh.png */; };
		26F95EE3125AD24D0016127D /* Tool Tesselate Mesh.png in Copy (Tools Icons) */ = {isa = PBXBuildFile; fileRef = 26636B1A125A8EE20090A321 /* Tool Tesselate Mesh.png */; };
		26F95EE4125AD24D0016127D /* Tool Toggle Mode.png in Copy (Tools Icons) */ = {isa = PBXBuildFile; fileRef = 26636B1B125A8EE20090A321 /* Tool Toggle Mode.png */; };
		F50AF9AE088601C600F261B1 /* os_defs.h in Headers */ = {isa = PBXBuildFile; fileRef = F50AF9AD088601C600F261B1 /* os_defs.h */; };
		F522DCC90BBC853C00DFF256 /* Course.js in Sources */ = {isa = PBXBuildFile; fileRef = F522DCBD0BBC853C00DFF256 /* Course.js */; };
		F522DCD30BBC859300DFF256 /* Course.js in Copy (Defaults) */ = {isa = PBXBuildFile; fileRef = F522DCBD0BBC853C00DFF256 /* Course.js */; };
		F5239B9E0AFD9C5200241092 /* undo.c in Sources */ = {isa = PBXBuildFile; fileRef = F5239B9D0AFD9C5200241092 /* undo.c */; };
		F52F19B80946A63100FEFE18 /* selection.c in Sources */ = {isa = PBXBuildFile; fileRef = F52F19B70946A63100FEFE18 /* selection.c */; };
		F54581BB094F75D200CBE89A /* interface.h in Headers */ = {isa = PBXBuildFile; fileRef = F54581BA094F75D200CBE89A /* interface.h */; };
		F54583E4094F868300CBE89A /* pieces_create.c in Sources */ = {isa = PBXBuildFile; fileRef = F54583E3094F868300CBE89A /* pieces_create.c */; };
		F5595F7E0918717300B60FAD /* groups.c in Sources */ = {isa = PBXBuildFile; fileRef = F5595F7D0918717300B60FAD /* groups.c */; };
		F571C8770B34DA6300F979B7 /* xml_setup.c in Sources */ = {isa = PBXBuildFile; fileRef = F571C8760B34DA6300F979B7 /* xml_setup.c */; };
		F57537BA055B5F4900D42FAF /* dim3 Editor.nib in Resources */ = {isa = PBXBuildFile; fileRef = F57537B9055B5F4900D42FAF /* dim3 Editor.nib */; };
		F57CACA70C38B76200B595F4 /* texture_palette.c in Sources */ = {isa = PBXBuildFile; fileRef = F57CACA60C38B76200B595F4 /* texture_palette.c */; };
		F595F33A0A8BBEF0004AB8BA /* modelutility.h in Headers */ = {isa = PBXBuildFile; fileRef = F595F3390A8BBEF0004AB8BA /* modelutility.h */; };
		F5A4321F055602DF002DF965 /* dim3editor.h in Headers */ = {isa = PBXBuildFile; fileRef = F51ABAD3048DAB0200B78D6A /* dim3editor.h */; };
		F5A4322B055602DF002DF965 /* InfoPlist.strings in Resources */ = {isa = PBXBuildFile; fileRef = 0867D6AAFE840B52C02AAC07 /* InfoPlist.strings */; };
		F5A4322C055602DF002DF965 /* dim3 Editor.icns in Resources */ = {isa = PBXBuildFile; fileRef = 0123D85400C0AF0B7F000001 /* dim3 Editor.icns */; };
		F5A4322E055602DF002DF965 /* dos.c in Sources */ = {isa = PBXBuildFile; fileRef = 0123D85F00C0AFD57F000001 /* dos.c */; };
		F5A43232055602DF002DF965 /* menu.c in Sources */ = {isa = PBXBuildFile; fileRef = 0123D86600C0AFD57F000001 /* menu.c */; };
		F5A43233055602DF002DF965 /* nodes.c in Sources */ = {isa = PBXBuildFile; fileRef = 0123D86700C0AFD57F000001 /* nodes.c */; };
		F5A4324E055602DF002DF965 /* pieces.c in Sources */ = {isa = PBXBuildFile; fileRef = F54797150107EA3C01000001 /* pieces.c */; };
		F5A43252055602DF002DF965 /* main_window.c in Sources */ = {isa = PBXBuildFile; fileRef = F54CD2090233430101250BB8 /* main_window.c */; };
		F5A4325A055602DF002DF965 /* Carbon.framework in Frameworks */ = {isa = PBXBuildFile; fileRef = 20286C33FDCF999611CA2CEA /* Carbon.framework */; };
		F5A4325C055602DF002DF965 /* AGL.framework in Frameworks */ = {isa = PBXBuildFile; fileRef = F59E531D014DBA5801382915 /* AGL.framework */; };
		F5A4325D055602DF002DF965 /* OpenGL.framework in Frameworks */ = {isa = PBXBuildFile; fileRef = F5FE22D0014DC000015DC241 /* OpenGL.framework */; };
		F5AD54430BBE1FDB001C7C04 /* baseutility.h in Headers */ = {isa = PBXBuildFile; fileRef = F5AD54420BBE1FDB001C7C04 /* baseutility.h */; };
		F5AF023309CFB5A0008B576A /* dialog_free_rotate.c in Sources */ = {isa = PBXBuildFile; fileRef = F5AF023209CFB5A0008B576A /* dialog_free_rotate.c */; };
		F5DB0C520856A976005A7CB7 /* dim3 Editor.app in Copy Application */ = {isa = PBXBuildFile; fileRef = F5A43266055602E0002DF965 /* dim3 Editor.app */; };
		F5DD757B092CFD8700465E14 /* launch.c in Sources */ = {isa = PBXBuildFile; fileRef = F5DD757A092CFD8700465E14 /* launch.c */; };
/* End PBXBuildFile section */

/* Begin PBXBuildRule section */
		F522DCB90BBC851000DFF256 /* PBXBuildRule */ = {
			isa = PBXBuildRule;
			compilerSpec = com.apple.compilers.proxy.script;
			filePatterns = "*.js";
			fileType = pattern.proxy;
			isEditable = 1;
			outputFiles = (
			);
			script = "";
		};
/* End PBXBuildRule section */

/* Begin PBXCopyFilesBuildPhase section */
		266DDE7812E67150004DA282 /* Copy (Lists Icons) */ = {
			isa = PBXCopyFilesBuildPhase;
			buildActionMask = 2147483647;
			dstPath = Lists;
			dstSubfolderSpec = 7;
			files = (
				26459B6613DBDA9D00D7DD73 /* Back.png in Copy (Lists Icons) */,
				266DDE6D12E6714A004DA282 /* Edit.png in Copy (Lists Icons) */,
				266DDE6E12E6714A004DA282 /* Minus.png in Copy (Lists Icons) */,
				266DDE6F12E6714A004DA282 /* Plus.png in Copy (Lists Icons) */,
				2642872B12EE8C740078851E /* Set.png in Copy (Lists Icons) */,
			);
			name = "Copy (Lists Icons)";
			runOnlyForDeploymentPostprocessing = 0;
		};
		26F95ECA125AD24D0016127D /* Copy (Tools Icons) */ = {
			isa = PBXCopyFilesBuildPhase;
			buildActionMask = 2147483647;
			dstPath = Tools;
			dstSubfolderSpec = 7;
			files = (
				26C5F02712612832000B0F9E /* Tool Grid.png in Copy (Tools Icons) */,
				26C5F02812612832000B0F9E /* Tool Height Map.png in Copy (Tools Icons) */,
				26C5F02912612832000B0F9E /* Tool Light.png in Copy (Tools Icons) */,
				26C5F02A12612832000B0F9E /* Tool Liquid.png in Copy (Tools Icons) */,
				26C5F02B12612832000B0F9E /* Tool Mesh UV.png in Copy (Tools Icons) */,
				26C5F02C12612832000B0F9E /* Tool Mesh.png in Copy (Tools Icons) */,
				26C5F02D12612832000B0F9E /* Tool Node.png in Copy (Tools Icons) */,
				26C5F02E12612832000B0F9E /* Tool Particle.png in Copy (Tools Icons) */,
				26C5F02F12612832000B0F9E /* Tool Polygon.png in Copy (Tools Icons) */,
				26C5F03012612832000B0F9E /* Tool Scenery.png in Copy (Tools Icons) */,
				26C5F03112612832000B0F9E /* Tool Sound.png in Copy (Tools Icons) */,
				26C5F03212612832000B0F9E /* Tool Spot.png in Copy (Tools Icons) */,
				26F95ECC125AD24D0016127D /* Tool Auto-Texture Mesh.png in Copy (Tools Icons) */,
				26F95ECD125AD24D0016127D /* Tool Combine Meshes.png in Copy (Tools Icons) */,
				26F95ECE125AD24D0016127D /* Tool Cull.png in Copy (Tools Icons) */,
				26F95ECF125AD24D0016127D /* Tool Edit Map Script.png in Copy (Tools Icons) */,
				26F95ED0125AD24D0016127D /* Tool Edit Mesh.png in Copy (Tools Icons) */,
				26F95ED1125AD24D0016127D /* Tool Edit Polygons.png in Copy (Tools Icons) */,
				26F95ED2125AD24D0016127D /* Tool Edit Vertexes.png in Copy (Tools Icons) */,
				26F95ED3125AD24D0016127D /* Tool Free Look.png in Copy (Tools Icons) */,
				26F95ED4125AD24D0016127D /* Tool Large Grid.png in Copy (Tools Icons) */,
				26F95ED6125AD24D0016127D /* Tool Move Mode.png in Copy (Tools Icons) */,
				26F95ED7125AD24D0016127D /* Tool Move Points Together.png in Copy (Tools Icons) */,
				26F95ED8125AD24D0016127D /* Tool Move Points.png in Copy (Tools Icons) */,
				26F95ED9125AD24D0016127D /* Tool No Grid.png in Copy (Tools Icons) */,
				26F95EDA125AD24D0016127D /* Tool Node Link.png in Copy (Tools Icons) */,
				26F95EDB125AD24D0016127D /* Tool Node Remove Link.png in Copy (Tools Icons) */,
				26F95EDC125AD24D0016127D /* Tool Node Select.png in Copy (Tools Icons) */,
				26F95EDD125AD24D0016127D /* Tool Normals.png in Copy (Tools Icons) */,
				26F95EDE125AD24D0016127D /* Tool Rotate Mode.png in Copy (Tools Icons) */,
				26F95EDF125AD24D0016127D /* Tool Run Map.png in Copy (Tools Icons) */,
				26F95EE0125AD24D0016127D /* Tool Small Grid.png in Copy (Tools Icons) */,
				26F95EE1125AD24D0016127D /* Tool Snap Points.png in Copy (Tools Icons) */,
				26F95EE2125AD24D0016127D /* Tool Split Mesh.png in Copy (Tools Icons) */,
				26F95EE3125AD24D0016127D /* Tool Tesselate Mesh.png in Copy (Tools Icons) */,
				26F95EE4125AD24D0016127D /* Tool Toggle Mode.png in Copy (Tools Icons) */,
			);
			name = "Copy (Tools Icons)";
			runOnlyForDeploymentPostprocessing = 0;
		};
		F522DC530BBC726B00DFF256 /* Copy (Defaults) */ = {
			isa = PBXCopyFilesBuildPhase;
			buildActionMask = 2147483647;
			dstPath = Defaults;
			dstSubfolderSpec = 7;
			files = (
				F522DCD30BBC859300DFF256 /* Course.js in Copy (Defaults) */,
			);
			name = "Copy (Defaults)";
			runOnlyForDeploymentPostprocessing = 0;
		};
		F522DC770BBC810E00DFF256 /* Copy (Items Icons) */ = {
			isa = PBXCopyFilesBuildPhase;
			buildActionMask = 2147483647;
			dstPath = Items;
			dstSubfolderSpec = 7;
			files = (
				26F95EA4125AD1430016127D /* light.png in Copy (Items Icons) */,
				26F95EA5125AD1430016127D /* node.png in Copy (Items Icons) */,
				26F95EA6125AD1430016127D /* node_defined.png in Copy (Items Icons) */,
				26F95EA7125AD1430016127D /* particle.png in Copy (Items Icons) */,
				26F95EA8125AD1430016127D /* scenery.png in Copy (Items Icons) */,
				26F95EA9125AD1430016127D /* sound.png in Copy (Items Icons) */,
				26F95EAA125AD1430016127D /* spot.png in Copy (Items Icons) */,
			);
			name = "Copy (Items Icons)";
			runOnlyForDeploymentPostprocessing = 0;
		};
		F5934BF8099E7A610063E081 /* Copy Frameworks */ = {
			isa = PBXCopyFilesBuildPhase;
			buildActionMask = 2147483647;
			dstPath = "";
			dstSubfolderSpec = 10;
			files = (
				26EE3E4513DA81F5000ABAF1 /* libBaseUtility.dylib in Copy Frameworks */,
				26EE3E4613DA81F7000ABAF1 /* libModelUtility.dylib in Copy Frameworks */,
				26EE3E4713DA81F9000ABAF1 /* libMapUtility.dylib in Copy Frameworks */,
				26EE3E4813DA81FC000ABAF1 /* libPNG.dylib in Copy Frameworks */,
			);
			name = "Copy Frameworks";
			runOnlyForDeploymentPostprocessing = 0;
		};
		F5DB0C4A0856A958005A7CB7 /* Copy Application */ = {
			isa = PBXCopyFilesBuildPhase;
			buildActionMask = 2147483647;
			dstPath = "$(SRCROOT)/../../dim3/";
			dstSubfolderSpec = 0;
			files = (
				F5DB0C520856A976005A7CB7 /* dim3 Editor.app in Copy Application */,
			);
			name = "Copy Application";
			runOnlyForDeploymentPostprocessing = 0;
		};
/* End PBXCopyFilesBuildPhase section */

/* Begin PBXFileReference section */
		0123D85400C0AF0B7F000001 /* dim3 Editor.icns */ = {isa = PBXFileReference; lastKnownFileType = image.icns; name = "dim3 Editor.icns"; path = "Resources/dim3 Editor.icns"; sourceTree = "<group>"; };
		0123D85F00C0AFD57F000001 /* dos.c */ = {isa = PBXFileReference; fileEncoding = 30; lastKnownFileType = sourcecode.c.c; name = dos.c; path = Code/dos.c; sourceTree = "<group>"; };
		0123D86600C0AFD57F000001 /* menu.c */ = {isa = PBXFileReference; fileEncoding = 30; lastKnownFileType = sourcecode.c.c; name = menu.c; path = Code/menu.c; sourceTree = "<group>"; };
		0123D86700C0AFD57F000001 /* nodes.c */ = {isa = PBXFileReference; fileEncoding = 30; lastKnownFileType = sourcecode.c.c; name = nodes.c; path = Code/nodes.c; sourceTree = "<group>"; };
		0867D6ABFE840B52C02AAC07 /* English */ = {isa = PBXFileReference; fileEncoding = 10; lastKnownFileType = text.plist.strings; name = English; path = English.lproj/InfoPlist.strings; sourceTree = "<group>"; };
		20286C33FDCF999611CA2CEA /* Carbon.framework */ = {isa = PBXFileReference; lastKnownFileType = wrapper.framework; name = Carbon.framework; path = /System/Library/Frameworks/Carbon.framework; sourceTree = "<absolute>"; };
		260B3BE314103A3A006ED023 /* property_palette_light_media.c */ = {isa = PBXFileReference; fileEncoding = 4; lastKnownFileType = sourcecode.c.c; name = property_palette_light_media.c; path = Code/property_palette_light_media.c; sourceTree = "<group>"; };
		260C146E129C777100B6D5B5 /* property_palette_node.c */ = {isa = PBXFileReference; fileEncoding = 4; lastKnownFileType = sourcecode.c.c; name = property_palette_node.c; path = Code/property_palette_node.c; sourceTree = "<group>"; };
		260C146F129C777100B6D5B5 /* property_palette_particle.c */ = {isa = PBXFileReference; fileEncoding = 4; lastKnownFileType = sourcecode.c.c; name = property_palette_particle.c; path = Code/property_palette_particle.c; sourceTree = "<group>"; };
		260C1470129C777100B6D5B5 /* property_palette_scenery.c */ = {isa = PBXFileReference; fileEncoding = 4; lastKnownFileType = sourcecode.c.c; name = property_palette_scenery.c; path = Code/property_palette_scenery.c; sourceTree = "<group>"; };
		260D584A1295E85E00D0D14F /* property_palette_liquid.c */ = {isa = PBXFileReference; fileEncoding = 4; lastKnownFileType = sourcecode.c.c; name = property_palette_liquid.c; path = Code/property_palette_liquid.c; sourceTree = "<group>"; };
		260D584B1295E85E00D0D14F /* property_palette_spot.c */ = {isa = PBXFileReference; fileEncoding = 4; lastKnownFileType = sourcecode.c.c; name = property_palette_spot.c; path = Code/property_palette_spot.c; sourceTree = "<group>"; };
		261CEB8012D156D800D1D8BF /* dialog_obj_import.c */ = {isa = PBXFileReference; fileEncoding = 4; lastKnownFileType = sourcecode.c.c; name = dialog_obj_import.c; path = Code/dialog_obj_import.c; sourceTree = "<group>"; };
		26232DD213065713008DC42B /* osx_dialog.h */ = {isa = PBXFileReference; fileEncoding = 4; lastKnownFileType = sourcecode.c.h; name = osx_dialog.h; path = ../dim3Common/Headers/osx_dialog.h; sourceTree = SOURCE_ROOT; };
		262C38D112D0211200A94FEE /* ui_common.h */ = {isa = PBXFileReference; fileEncoding = 4; lastKnownFileType = sourcecode.c.h; name = ui_common.h; path = ../dim3Common/Headers/ui_common.h; sourceTree = SOURCE_ROOT; };
		262C396F12D0268500A94FEE /* list_palette_common.c */ = {isa = PBXFileReference; fileEncoding = 4; lastKnownFileType = sourcecode.c.c; name = list_palette_common.c; path = ../dim3Common/Code/list_palette_common.c; sourceTree = SOURCE_ROOT; };
		263C5EBD122045E3008935B9 /* view_handle.c */ = {isa = PBXFileReference; fileEncoding = 4; lastKnownFileType = sourcecode.c.c; name = view_handle.c; path = Code/view_handle.c; sourceTree = "<group>"; };
		2642872912EE8C640078851E /* Set.png */ = {isa = PBXFileReference; lastKnownFileType = image.png; path = Set.png; sourceTree = "<group>"; };
		26452F0F127F9B3100043C34 /* view_movement.c */ = {isa = PBXFileReference; fileEncoding = 4; lastKnownFileType = sourcecode.c.c; name = view_movement.c; path = Code/view_movement.c; sourceTree = "<group>"; };
		26452F10127F9B3100043C34 /* view.c */ = {isa = PBXFileReference; fileEncoding = 4; lastKnownFileType = sourcecode.c.c; name = view.c; path = Code/view.c; sourceTree = "<group>"; };
		26452F15127F9BA800043C34 /* view_click_drag.c */ = {isa = PBXFileReference; fileEncoding = 4; lastKnownFileType = sourcecode.c.c; name = view_click_drag.c; path = Code/view_click_drag.c; sourceTree = "<group>"; };
		26452F16127F9BA800043C34 /* view_click_piece.c */ = {isa = PBXFileReference; fileEncoding = 4; lastKnownFileType = sourcecode.c.c; name = view_click_piece.c; path = Code/view_click_piece.c; sourceTree = "<group>"; };
		26452F18127F9BA800043C34 /* view_draw_piece.c */ = {isa = PBXFileReference; fileEncoding = 4; lastKnownFileType = sourcecode.c.c; name = view_draw_piece.c; path = Code/view_draw_piece.c; sourceTree = "<group>"; };
		26452F19127F9BA800043C34 /* view_draw_select.c */ = {isa = PBXFileReference; fileEncoding = 4; lastKnownFileType = sourcecode.c.c; name = view_draw_select.c; path = Code/view_draw_select.c; sourceTree = "<group>"; };
		26452F1A127F9BA800043C34 /* view_models.c */ = {isa = PBXFileReference; fileEncoding = 4; lastKnownFileType = sourcecode.c.c; name = view_models.c; path = Code/view_models.c; sourceTree = "<group>"; };
		26459B5B13DBC5A200D7DD73 /* mac_os_defs.h */ = {isa = PBXFileReference; fileEncoding = 4; lastKnownFileType = sourcecode.c.h; name = mac_os_defs.h; path = ../dim3Common/Headers/mac_os_defs.h; sourceTree = "<group>"; };
		26459B6413DBDA8800D7DD73 /* Back.png */ = {isa = PBXFileReference; lastKnownFileType = image.png; path = Back.png; sourceTree = "<group>"; };
		2647AD810E4F48D000BA3338 /* dialog_height_import.c */ = {isa = PBXFileReference; fileEncoding = 4; lastKnownFileType = sourcecode.c.c; name = dialog_height_import.c; path = Code/dialog_height_import.c; sourceTree = "<group>"; };
		264BC91A13661D900004A4AB /* liquid_reflection_maps.c */ = {isa = PBXFileReference; fileEncoding = 4; lastKnownFileType = sourcecode.c.c; name = liquid_reflection_maps.c; path = Code/liquid_reflection_maps.c; sourceTree = "<group>"; };
		264D965D12921024005039CD /* OSX_main.c */ = {isa = PBXFileReference; fileEncoding = 4; lastKnownFileType = sourcecode.c.c; name = OSX_main.c; path = Code/OSX_main.c; sourceTree = "<group>"; };
		265AB84612835C9E00F3F965 /* item_palette.c */ = {isa = PBXFileReference; fileEncoding = 4; lastKnownFileType = sourcecode.c.c; name = item_palette.c; path = Code/item_palette.c; sourceTree = "<group>"; };
		26636ADB125A8ED10090A321 /* light.png */ = {isa = PBXFileReference; lastKnownFileType = image.png; path = light.png; sourceTree = "<group>"; };
		26636ADC125A8ED10090A321 /* node.png */ = {isa = PBXFileReference; lastKnownFileType = image.png; path = node.png; sourceTree = "<group>"; };
		26636ADD125A8ED10090A321 /* node_defined.png */ = {isa = PBXFileReference; lastKnownFileType = image.png; path = node_defined.png; sourceTree = "<group>"; };
		26636ADE125A8ED10090A321 /* particle.png */ = {isa = PBXFileReference; lastKnownFileType = image.png; path = particle.png; sourceTree = "<group>"; };
		26636ADF125A8ED10090A321 /* scenery.png */ = {isa = PBXFileReference; lastKnownFileType = image.png; path = scenery.png; sourceTree = "<group>"; };
		26636AE0125A8ED10090A321 /* sound.png */ = {isa = PBXFileReference; lastKnownFileType = image.png; path = sound.png; sourceTree = "<group>"; };
		26636AE1125A8ED10090A321 /* spot.png */ = {isa = PBXFileReference; lastKnownFileType = image.png; path = spot.png; sourceTree = "<group>"; };
		26636B03125A8EE20090A321 /* Tool Auto-Texture Mesh.png */ = {isa = PBXFileReference; lastKnownFileType = image.png; path = "Tool Auto-Texture Mesh.png"; sourceTree = "<group>"; };
		26636B04125A8EE20090A321 /* Tool Combine Meshes.png */ = {isa = PBXFileReference; lastKnownFileType = image.png; path = "Tool Combine Meshes.png"; sourceTree = "<group>"; };
		26636B05125A8EE20090A321 /* Tool Cull.png */ = {isa = PBXFileReference; lastKnownFileType = image.png; path = "Tool Cull.png"; sourceTree = "<group>"; };
		26636B06125A8EE20090A321 /* Tool Edit Map Script.png */ = {isa = PBXFileReference; lastKnownFileType = image.png; path = "Tool Edit Map Script.png"; sourceTree = "<group>"; };
		26636B07125A8EE20090A321 /* Tool Edit Mesh.png */ = {isa = PBXFileReference; lastKnownFileType = image.png; path = "Tool Edit Mesh.png"; sourceTree = "<group>"; };
		26636B08125A8EE20090A321 /* Tool Edit Polygons.png */ = {isa = PBXFileReference; lastKnownFileType = image.png; path = "Tool Edit Polygons.png"; sourceTree = "<group>"; };
		26636B09125A8EE20090A321 /* Tool Edit Vertexes.png */ = {isa = PBXFileReference; lastKnownFileType = image.png; path = "Tool Edit Vertexes.png"; sourceTree = "<group>"; };
		26636B0A125A8EE20090A321 /* Tool Free Look.png */ = {isa = PBXFileReference; lastKnownFileType = image.png; path = "Tool Free Look.png"; sourceTree = "<group>"; };
		26636B0B125A8EE20090A321 /* Tool Large Grid.png */ = {isa = PBXFileReference; lastKnownFileType = image.png; path = "Tool Large Grid.png"; sourceTree = "<group>"; };
		26636B0D125A8EE20090A321 /* Tool Move Mode.png */ = {isa = PBXFileReference; lastKnownFileType = image.png; path = "Tool Move Mode.png"; sourceTree = "<group>"; };
		26636B0E125A8EE20090A321 /* Tool Move Points Together.png */ = {isa = PBXFileReference; lastKnownFileType = image.png; path = "Tool Move Points Together.png"; sourceTree = "<group>"; };
		26636B0F125A8EE20090A321 /* Tool Move Points.png */ = {isa = PBXFileReference; lastKnownFileType = image.png; path = "Tool Move Points.png"; sourceTree = "<group>"; };
		26636B10125A8EE20090A321 /* Tool No Grid.png */ = {isa = PBXFileReference; lastKnownFileType = image.png; path = "Tool No Grid.png"; sourceTree = "<group>"; };
		26636B11125A8EE20090A321 /* Tool Node Link.png */ = {isa = PBXFileReference; lastKnownFileType = image.png; path = "Tool Node Link.png"; sourceTree = "<group>"; };
		26636B12125A8EE20090A321 /* Tool Node Remove Link.png */ = {isa = PBXFileReference; lastKnownFileType = image.png; path = "Tool Node Remove Link.png"; sourceTree = "<group>"; };
		26636B13125A8EE20090A321 /* Tool Node Select.png */ = {isa = PBXFileReference; lastKnownFileType = image.png; path = "Tool Node Select.png"; sourceTree = "<group>"; };
		26636B14125A8EE20090A321 /* Tool Normals.png */ = {isa = PBXFileReference; lastKnownFileType = image.png; path = "Tool Normals.png"; sourceTree = "<group>"; };
		26636B15125A8EE20090A321 /* Tool Rotate Mode.png */ = {isa = PBXFileReference; lastKnownFileType = image.png; path = "Tool Rotate Mode.png"; sourceTree = "<group>"; };
		26636B16125A8EE20090A321 /* Tool Run Map.png */ = {isa = PBXFileReference; lastKnownFileType = image.png; path = "Tool Run Map.png"; sourceTree = "<group>"; };
		26636B17125A8EE20090A321 /* Tool Small Grid.png */ = {isa = PBXFileReference; lastKnownFileType = image.png; path = "Tool Small Grid.png"; sourceTree = "<group>"; };
		26636B18125A8EE20090A321 /* Tool Snap Points.png */ = {isa = PBXFileReference; lastKnownFileType = image.png; path = "Tool Snap Points.png"; sourceTree = "<group>"; };
		26636B19125A8EE20090A321 /* Tool Split Mesh.png */ = {isa = PBXFileReference; lastKnownFileType = image.png; path = "Tool Split Mesh.png"; sourceTree = "<group>"; };
		26636B1A125A8EE20090A321 /* Tool Tesselate Mesh.png */ = {isa = PBXFileReference; lastKnownFileType = image.png; path = "Tool Tesselate Mesh.png"; sourceTree = "<group>"; };
		26636B1B125A8EE20090A321 /* Tool Toggle Mode.png */ = {isa = PBXFileReference; lastKnownFileType = image.png; path = "Tool Toggle Mode.png"; sourceTree = "<group>"; };
		266DDE5312E670B3004DA282 /* Edit.png */ = {isa = PBXFileReference; lastKnownFileType = image.png; path = Edit.png; sourceTree = "<group>"; };
		266DDE5412E670B3004DA282 /* Minus.png */ = {isa = PBXFileReference; lastKnownFileType = image.png; path = Minus.png; sourceTree = "<group>"; };
		266DDE5512E670B3004DA282 /* Plus.png */ = {isa = PBXFileReference; lastKnownFileType = image.png; path = Plus.png; sourceTree = "<group>"; };
		26772F800EBE8A6600F9E241 /* dialog_reposition.c */ = {isa = PBXFileReference; fileEncoding = 4; lastKnownFileType = sourcecode.c.c; name = dialog_reposition.c; path = Code/dialog_reposition.c; sourceTree = "<group>"; };
		26791D420E4D626700AAD058 /* dialog_grid_mesh.c */ = {isa = PBXFileReference; fileEncoding = 4; lastKnownFileType = sourcecode.c.c; name = dialog_grid_mesh.c; path = Code/dialog_grid_mesh.c; sourceTree = "<group>"; };
		267FA93512C014F20098B4B8 /* property_palette_map.c */ = {isa = PBXFileReference; fileEncoding = 4; lastKnownFileType = sourcecode.c.c; name = property_palette_map.c; path = Code/property_palette_map.c; sourceTree = "<group>"; };
		26808224122057F600EB7897 /* view_picker.c */ = {isa = PBXFileReference; fileEncoding = 4; lastKnownFileType = sourcecode.c.c; name = view_picker.c; path = Code/view_picker.c; sourceTree = "<group>"; };
		2681880210A3A28A000B2CD8 /* light_maps.c */ = {isa = PBXFileReference; fileEncoding = 4; lastKnownFileType = sourcecode.c.c; name = light_maps.c; path = Code/light_maps.c; sourceTree = "<group>"; };
		26899FA80F1EBF25007860EB /* editor_defs.h */ = {isa = PBXFileReference; fileEncoding = 4; lastKnownFileType = sourcecode.c.h; name = editor_defs.h; path = Headers/editor_defs.h; sourceTree = "<group>"; };
		26937AE012D2D5C3001DEEB8 /* import_obj.c */ = {isa = PBXFileReference; fileEncoding = 4; lastKnownFileType = sourcecode.c.c; name = import_obj.c; path = Code/import_obj.c; sourceTree = "<group>"; };
		26A0009B12975A130006F64F /* property_palette_light.c */ = {isa = PBXFileReference; fileEncoding = 4; lastKnownFileType = sourcecode.c.c; name = property_palette_light.c; path = Code/property_palette_light.c; sourceTree = "<group>"; };
		26A0009C12975A130006F64F /* property_palette_sound.c */ = {isa = PBXFileReference; fileEncoding = 4; lastKnownFileType = sourcecode.c.c; name = property_palette_sound.c; path = Code/property_palette_sound.c; sourceTree = "<group>"; };
		26AFB4480D95E0E60004805A /* pieces_mesh.c */ = {isa = PBXFileReference; fileEncoding = 4; lastKnownFileType = sourcecode.c.c; name = pieces_mesh.c; path = Code/pieces_mesh.c; sourceTree = "<group>"; };
		26AFB4D10D9615C00004805A /* maputility.h */ = {isa = PBXFileReference; fileEncoding = 4; lastKnownFileType = sourcecode.c.h; name = maputility.h; path = ../dim3Common/Headers/maputility.h; sourceTree = SOURCE_ROOT; };
		26C5F00F12612826000B0F9E /* Tool Grid.png */ = {isa = PBXFileReference; lastKnownFileType = image.png; path = "Tool Grid.png"; sourceTree = "<group>"; };
		26C5F01012612826000B0F9E /* Tool Height Map.png */ = {isa = PBXFileReference; lastKnownFileType = image.png; path = "Tool Height Map.png"; sourceTree = "<group>"; };
		26C5F01112612826000B0F9E /* Tool Light.png */ = {isa = PBXFileReference; lastKnownFileType = image.png; path = "Tool Light.png"; sourceTree = "<group>"; };
		26C5F01212612826000B0F9E /* Tool Liquid.png */ = {isa = PBXFileReference; lastKnownFileType = image.png; path = "Tool Liquid.png"; sourceTree = "<group>"; };
		26C5F01312612826000B0F9E /* Tool Mesh UV.png */ = {isa = PBXFileReference; lastKnownFileType = image.png; path = "Tool Mesh UV.png"; sourceTree = "<group>"; };
		26C5F01412612826000B0F9E /* Tool Mesh.png */ = {isa = PBXFileReference; lastKnownFileType = image.png; path = "Tool Mesh.png"; sourceTree = "<group>"; };
		26C5F01512612826000B0F9E /* Tool Node.png */ = {isa = PBXFileReference; lastKnownFileType = image.png; path = "Tool Node.png"; sourceTree = "<group>"; };
		26C5F01612612826000B0F9E /* Tool Particle.png */ = {isa = PBXFileReference; lastKnownFileType = image.png; path = "Tool Particle.png"; sourceTree = "<group>"; };
		26C5F01712612826000B0F9E /* Tool Polygon.png */ = {isa = PBXFileReference; lastKnownFileType = image.png; path = "Tool Polygon.png"; sourceTree = "<group>"; };
		26C5F01812612826000B0F9E /* Tool Scenery.png */ = {isa = PBXFileReference; lastKnownFileType = image.png; path = "Tool Scenery.png"; sourceTree = "<group>"; };
		26C5F01912612826000B0F9E /* Tool Sound.png */ = {isa = PBXFileReference; lastKnownFileType = image.png; path = "Tool Sound.png"; sourceTree = "<group>"; };
		26C5F01A12612826000B0F9E /* Tool Spot.png */ = {isa = PBXFileReference; lastKnownFileType = image.png; path = "Tool Spot.png"; sourceTree = "<group>"; };
		26C5F0AF126130D0000B0F9E /* glue.h */ = {isa = PBXFileReference; fileEncoding = 4; lastKnownFileType = sourcecode.c.h; name = glue.h; path = ../dim3Common/Headers/glue.h; sourceTree = SOURCE_ROOT; };
		26C5F0EA126135DC000B0F9E /* tool_palette.c */ = {isa = PBXFileReference; fileEncoding = 4; lastKnownFileType = sourcecode.c.c; name = tool_palette.c; path = Code/tool_palette.c; sourceTree = "<group>"; };
		26CAEC6912D675A900310691 /* property_utility_common.c */ = {isa = PBXFileReference; fileEncoding = 4; lastKnownFileType = sourcecode.c.c; name = property_utility_common.c; path = ../dim3Common/Code/property_utility_common.c; sourceTree = SOURCE_ROOT; };
		26CAEC6A12D675A900310691 /* texture_edit_common.c */ = {isa = PBXFileReference; fileEncoding = 4; lastKnownFileType = sourcecode.c.c; name = texture_edit_common.c; path = ../dim3Common/Code/texture_edit_common.c; sourceTree = SOURCE_ROOT; };
		26CF62A4126BDE55002DCC2A /* tool_palette_common.c */ = {isa = PBXFileReference; fileEncoding = 4; lastKnownFileType = sourcecode.c.c; name = tool_palette_common.c; path = ../dim3Common/Code/tool_palette_common.c; sourceTree = SOURCE_ROOT; };
		26CFA0DF1320769700DB808F /* tool_tip_common.c */ = {isa = PBXFileReference; fileEncoding = 4; lastKnownFileType = sourcecode.c.c; name = tool_tip_common.c; path = ../dim3Common/Code/tool_tip_common.c; sourceTree = SOURCE_ROOT; };
		26D15DB61329EB0400F9EC7B /* OSX_dialog_about.c */ = {isa = PBXFileReference; fileEncoding = 4; lastKnownFileType = sourcecode.c.c; name = OSX_dialog_about.c; path = ../dim3Common/Code/OSX_dialog_about.c; sourceTree = SOURCE_ROOT; };
		26D15DB71329EB0400F9EC7B /* OSX_dialog_file_new.c */ = {isa = PBXFileReference; fileEncoding = 4; lastKnownFileType = sourcecode.c.c; name = OSX_dialog_file_new.c; path = ../dim3Common/Code/OSX_dialog_file_new.c; sourceTree = SOURCE_ROOT; };
		26D15DB81329EB0400F9EC7B /* OSX_dialog_file_open.c */ = {isa = PBXFileReference; fileEncoding = 4; lastKnownFileType = sourcecode.c.c; name = OSX_dialog_file_open.c; path = ../dim3Common/Code/OSX_dialog_file_open.c; sourceTree = SOURCE_ROOT; };
		26D15DB91329EB0400F9EC7B /* OSX_dialog_property_chord.c */ = {isa = PBXFileReference; fileEncoding = 4; lastKnownFileType = sourcecode.c.c; name = OSX_dialog_property_chord.c; path = ../dim3Common/Code/OSX_dialog_property_chord.c; sourceTree = SOURCE_ROOT; };
		26D15DBA1329EB0400F9EC7B /* OSX_dialog_property_list.c */ = {isa = PBXFileReference; fileEncoding = 4; lastKnownFileType = sourcecode.c.c; name = OSX_dialog_property_list.c; path = ../dim3Common/Code/OSX_dialog_property_list.c; sourceTree = SOURCE_ROOT; };
		26D15DBB1329EB0400F9EC7B /* OSX_dialog_property_string.c */ = {isa = PBXFileReference; fileEncoding = 4; lastKnownFileType = sourcecode.c.c; name = OSX_dialog_property_string.c; path = ../dim3Common/Code/OSX_dialog_property_string.c; sourceTree = SOURCE_ROOT; };
		26D15DBC1329EB0400F9EC7B /* OSX_dialog_utility_common.c */ = {isa = PBXFileReference; fileEncoding = 4; lastKnownFileType = sourcecode.c.c; name = OSX_dialog_utility_common.c; path = ../dim3Common/Code/OSX_dialog_utility_common.c; sourceTree = SOURCE_ROOT; };
		26D6BC5C13E2112E0087FFD4 /* property_palette_camera.c */ = {isa = PBXFileReference; fileEncoding = 4; lastKnownFileType = sourcecode.c.c; name = property_palette_camera.c; path = Code/property_palette_camera.c; sourceTree = "<group>"; };
		26D6BC5D13E2112E0087FFD4 /* property_palette_sky_weather.c */ = {isa = PBXFileReference; fileEncoding = 4; lastKnownFileType = sourcecode.c.c; name = property_palette_sky_weather.c; path = Code/property_palette_sky_weather.c; sourceTree = "<group>"; };
		26DB6D960DDFCE4100BDD008 /* dialog_resize.c */ = {isa = PBXFileReference; fileEncoding = 4; lastKnownFileType = sourcecode.c.c; name = dialog_resize.c; path = Code/dialog_resize.c; sourceTree = "<group>"; };
		26E0C3FE12F0D7EE00977D36 /* alt_property_palette_action.c */ = {isa = PBXFileReference; fileEncoding = 4; lastKnownFileType = sourcecode.c.c; name = alt_property_palette_action.c; path = Code/alt_property_palette_action.c; sourceTree = "<group>"; };
		26E0C3FF12F0D7EE00977D36 /* alt_property_palette_move.c */ = {isa = PBXFileReference; fileEncoding = 4; lastKnownFileType = sourcecode.c.c; name = alt_property_palette_move.c; path = Code/alt_property_palette_move.c; sourceTree = "<group>"; };
		26E0C40012F0D7EE00977D36 /* alt_property_palette.c */ = {isa = PBXFileReference; fileEncoding = 4; lastKnownFileType = sourcecode.c.c; name = alt_property_palette.c; path = Code/alt_property_palette.c; sourceTree = "<group>"; };
		26E155EE12601C9D003158E5 /* OSX_glue.c */ = {isa = PBXFileReference; fileEncoding = 4; lastKnownFileType = sourcecode.c.c; name = OSX_glue.c; path = ../dim3Common/Code/OSX_glue.c; sourceTree = SOURCE_ROOT; };
		26E4677512EB4CAD00867C53 /* property_palette_cinema.c */ = {isa = PBXFileReference; fileEncoding = 4; lastKnownFileType = sourcecode.c.c; name = property_palette_cinema.c; path = Code/property_palette_cinema.c; sourceTree = "<group>"; };
		26E4677612EB4CAD00867C53 /* property_palette_group.c */ = {isa = PBXFileReference; fileEncoding = 4; lastKnownFileType = sourcecode.c.c; name = property_palette_group.c; path = Code/property_palette_group.c; sourceTree = "<group>"; };
		26E4677712EB4CAD00867C53 /* property_palette_movement.c */ = {isa = PBXFileReference; fileEncoding = 4; lastKnownFileType = sourcecode.c.c; name = property_palette_movement.c; path = Code/property_palette_movement.c; sourceTree = "<group>"; };
		26E8DBFC1270EA6C00ACA294 /* progress_common.c */ = {isa = PBXFileReference; fileEncoding = 4; lastKnownFileType = sourcecode.c.c; name = progress_common.c; path = ../dim3Common/Code/progress_common.c; sourceTree = SOURCE_ROOT; };
		26E8DBFD1270EA6C00ACA294 /* text_common.c */ = {isa = PBXFileReference; fileEncoding = 4; lastKnownFileType = sourcecode.c.c; name = text_common.c; path = ../dim3Common/Code/text_common.c; sourceTree = SOURCE_ROOT; };
		26EA5B211291E5200083C9BF /* property_palette.c */ = {isa = PBXFileReference; fileEncoding = 4; lastKnownFileType = sourcecode.c.c; name = property_palette.c; path = Code/property_palette.c; sourceTree = "<group>"; };
		26EAA39F12CBF01400CF93AF /* property_palette_texture.c */ = {isa = PBXFileReference; fileEncoding = 4; lastKnownFileType = sourcecode.c.c; name = property_palette_texture.c; path = Code/property_palette_texture.c; sourceTree = "<group>"; };
		26EB2AA5135CDF3700C85532 /* dialog_resize_texture.c */ = {isa = PBXFileReference; fileEncoding = 4; lastKnownFileType = sourcecode.c.c; name = dialog_resize_texture.c; path = Code/dialog_resize_texture.c; sourceTree = "<group>"; };
		26EE3E3D13DA81E4000ABAF1 /* libBaseUtility.dylib */ = {isa = PBXFileReference; lastKnownFileType = "compiled.mach-o.dylib"; name = libBaseUtility.dylib; path = ../dim3Common/Libraries/libBaseUtility.dylib; sourceTree = "<group>"; };
		26EE3E3E13DA81E4000ABAF1 /* libMapUtility.dylib */ = {isa = PBXFileReference; lastKnownFileType = "compiled.mach-o.dylib"; name = libMapUtility.dylib; path = ../dim3Common/Libraries/libMapUtility.dylib; sourceTree = "<group>"; };
		26EE3E3F13DA81E4000ABAF1 /* libModelUtility.dylib */ = {isa = PBXFileReference; lastKnownFileType = "compiled.mach-o.dylib"; name = libModelUtility.dylib; path = ../dim3Common/Libraries/libModelUtility.dylib; sourceTree = "<group>"; };
		26EE3E4313DA81EA000ABAF1 /* libPNG.dylib */ = {isa = PBXFileReference; lastKnownFileType = "compiled.mach-o.dylib"; name = libPNG.dylib; path = ../dim3Common/Libraries/PNG/libPNG.dylib; sourceTree = "<group>"; };
		26EE494B126B8455001D0025 /* texture_palette_common.c */ = {isa = PBXFileReference; fileEncoding = 4; lastKnownFileType = sourcecode.c.c; name = texture_palette_common.c; path = ../dim3Common/Code/texture_palette_common.c; sourceTree = SOURCE_ROOT; };
		26EE4A3D126B8E2E001D0025 /* import_text_decode_common.c */ = {isa = PBXFileReference; fileEncoding = 4; lastKnownFileType = sourcecode.c.c; name = import_text_decode_common.c; path = ../dim3Common/Code/import_text_decode_common.c; sourceTree = SOURCE_ROOT; };
		26F1D2C113035B0A00CDAE6B /* property_palette_editor_preference.c */ = {isa = PBXFileReference; fileEncoding = 4; lastKnownFileType = sourcecode.c.c; name = property_palette_editor_preference.c; path = Code/property_palette_editor_preference.c; sourceTree = "<group>"; };
		26F4B4DA1294CFB600D754CC /* property_palette_mesh.c */ = {isa = PBXFileReference; fileEncoding = 4; lastKnownFileType = sourcecode.c.c; name = property_palette_mesh.c; path = Code/property_palette_mesh.c; sourceTree = "<group>"; };
		F50AF9AD088601C600F261B1 /* os_defs.h */ = {isa = PBXFileReference; fileEncoding = 30; lastKnownFileType = sourcecode.c.h; name = os_defs.h; path = ../dim3Common/Headers/os_defs.h; sourceTree = SOURCE_ROOT; };
		F51ABAD3048DAB0200B78D6A /* dim3editor.h */ = {isa = PBXFileReference; fileEncoding = 30; lastKnownFileType = sourcecode.c.h; name = dim3editor.h; path = Headers/dim3editor.h; sourceTree = "<group>"; };
		F522DCBD0BBC853C00DFF256 /* Course.js */ = {isa = PBXFileReference; fileEncoding = 30; lastKnownFileType = sourcecode.javascript; path = Course.js; sourceTree = "<group>"; };
		F5239B9D0AFD9C5200241092 /* undo.c */ = {isa = PBXFileReference; fileEncoding = 30; lastKnownFileType = sourcecode.c.c; name = undo.c; path = Code/undo.c; sourceTree = "<group>"; };
		F52F19B70946A63100FEFE18 /* selection.c */ = {isa = PBXFileReference; fileEncoding = 30; lastKnownFileType = sourcecode.c.c; name = selection.c; path = Code/selection.c; sourceTree = "<group>"; };
		F54581BA094F75D200CBE89A /* interface.h */ = {isa = PBXFileReference; fileEncoding = 30; lastKnownFileType = sourcecode.c.h; name = interface.h; path = Headers/interface.h; sourceTree = "<group>"; };
		F54583E3094F868300CBE89A /* pieces_create.c */ = {isa = PBXFileReference; fileEncoding = 30; lastKnownFileType = sourcecode.c.c; name = pieces_create.c; path = Code/pieces_create.c; sourceTree = "<group>"; };
		F54797150107EA3C01000001 /* pieces.c */ = {isa = PBXFileReference; fileEncoding = 30; lastKnownFileType = sourcecode.c.c; name = pieces.c; path = Code/pieces.c; sourceTree = "<group>"; };
		F54CD2090233430101250BB8 /* main_window.c */ = {isa = PBXFileReference; fileEncoding = 30; lastKnownFileType = sourcecode.c.c; name = main_window.c; path = Code/main_window.c; sourceTree = "<group>"; };
		F5595F7D0918717300B60FAD /* groups.c */ = {isa = PBXFileReference; fileEncoding = 30; lastKnownFileType = sourcecode.c.c; name = groups.c; path = Code/groups.c; sourceTree = "<group>"; };
		F571C8760B34DA6300F979B7 /* xml_setup.c */ = {isa = PBXFileReference; fileEncoding = 30; lastKnownFileType = sourcecode.c.c; name = xml_setup.c; path = Code/xml_setup.c; sourceTree = "<group>"; };
		F57537B9055B5F4900D42FAF /* dim3 Editor.nib */ = {isa = PBXFileReference; lastKnownFileType = wrapper.nib; name = "dim3 Editor.nib"; path = "Resources/dim3 Editor.nib"; sourceTree = "<group>"; };
		F57CACA60C38B76200B595F4 /* texture_palette.c */ = {isa = PBXFileReference; fileEncoding = 30; lastKnownFileType = sourcecode.c.c; name = texture_palette.c; path = Code/texture_palette.c; sourceTree = "<group>"; };
		F595F3390A8BBEF0004AB8BA /* modelutility.h */ = {isa = PBXFileReference; fileEncoding = 30; lastKnownFileType = sourcecode.c.h; name = modelutility.h; path = ../dim3Common/Headers/modelutility.h; sourceTree = SOURCE_ROOT; };
		F59E531D014DBA5801382915 /* AGL.framework */ = {isa = PBXFileReference; lastKnownFileType = wrapper.framework; name = AGL.framework; path = /System/Library/Frameworks/AGL.framework; sourceTree = "<absolute>"; };
		F5A43266055602E0002DF965 /* dim3 Editor.app */ = {isa = PBXFileReference; explicitFileType = wrapper.application; includeInIndex = 0; path = "dim3 Editor.app"; sourceTree = BUILT_PRODUCTS_DIR; };
		F5A43278055607CC002DF965 /* Info-dim3_Editor.plist */ = {isa = PBXFileReference; fileEncoding = 30; lastKnownFileType = text.plist; name = "Info-dim3_Editor.plist"; path = "Resources/Info-dim3_Editor.plist"; sourceTree = "<group>"; };
		F5AD54420BBE1FDB001C7C04 /* baseutility.h */ = {isa = PBXFileReference; fileEncoding = 30; lastKnownFileType = sourcecode.c.h; name = baseutility.h; path = ../dim3Common/Headers/baseutility.h; sourceTree = SOURCE_ROOT; };
		F5AF023209CFB5A0008B576A /* dialog_free_rotate.c */ = {isa = PBXFileReference; fileEncoding = 30; lastKnownFileType = sourcecode.c.c; name = dialog_free_rotate.c; path = Code/dialog_free_rotate.c; sourceTree = "<group>"; };
		F5DD757A092CFD8700465E14 /* launch.c */ = {isa = PBXFileReference; fileEncoding = 30; lastKnownFileType = sourcecode.c.c; name = launch.c; path = Code/launch.c; sourceTree = "<group>"; };
		F5FE22D0014DC000015DC241 /* OpenGL.framework */ = {isa = PBXFileReference; lastKnownFileType = wrapper.framework; name = OpenGL.framework; path = /System/Library/Frameworks/OpenGL.framework; sourceTree = "<absolute>"; };
/* End PBXFileReference section */

/* Begin PBXFrameworksBuildPhase section */
		F5A43259055602DF002DF965 /* Frameworks */ = {
			isa = PBXFrameworksBuildPhase;
			buildActionMask = 2147483647;
			files = (
				F5A4325A055602DF002DF965 /* Carbon.framework in Frameworks */,
				F5A4325C055602DF002DF965 /* AGL.framework in Frameworks */,
				F5A4325D055602DF002DF965 /* OpenGL.framework in Frameworks */,
				26EE3E4013DA81E4000ABAF1 /* libBaseUtility.dylib in Frameworks */,
				26EE3E4113DA81E4000ABAF1 /* libMapUtility.dylib in Frameworks */,
				26EE3E4213DA81E4000ABAF1 /* libModelUtility.dylib in Frameworks */,
				26EE3E4413DA81EA000ABAF1 /* libPNG.dylib in Frameworks */,
			);
			runOnlyForDeploymentPostprocessing = 0;
		};
/* End PBXFrameworksBuildPhase section */

/* Begin PBXGroup section */
		0123D84F00C0AE397F000001 /* Headers */ = {
			isa = PBXGroup;
			children = (
				F51ABAD3048DAB0200B78D6A /* dim3editor.h */,
				26899FA80F1EBF25007860EB /* editor_defs.h */,
				F50AF9AD088601C600F261B1 /* os_defs.h */,
				26459B5B13DBC5A200D7DD73 /* mac_os_defs.h */,
				26C5F0AF126130D0000B0F9E /* glue.h */,
				F5AD54420BBE1FDB001C7C04 /* baseutility.h */,
				26AFB4D10D9615C00004805A /* maputility.h */,
				F595F3390A8BBEF0004AB8BA /* modelutility.h */,
				262C38D112D0211200A94FEE /* ui_common.h */,
				F54581BA094F75D200CBE89A /* interface.h */,
				26232DD213065713008DC42B /* osx_dialog.h */,
			);
			name = Headers;
			sourceTree = "<group>";
		};
		0123D85000C0AE397F000001 /* Libraries */ = {
			isa = PBXGroup;
			children = (
				26EE3E3D13DA81E4000ABAF1 /* libBaseUtility.dylib */,
				26EE3E3F13DA81E4000ABAF1 /* libModelUtility.dylib */,
				26EE3E3E13DA81E4000ABAF1 /* libMapUtility.dylib */,
				26EE3E4313DA81EA000ABAF1 /* libPNG.dylib */,
			);
			name = Libraries;
			sourceTree = "<group>";
		};
		195DF8C9FE9D4F0611CA2CBB /* Products */ = {
			isa = PBXGroup;
			children = (
				F5A43266055602E0002DF965 /* dim3 Editor.app */,
			);
			name = Products;
			sourceTree = "<group>";
		};
		20286C29FDCF999611CA2CEA /* dim3 Editor */ = {
			isa = PBXGroup;
			children = (
				0123D84F00C0AE397F000001 /* Headers */,
				20286C2AFDCF999611CA2CEA /* Sources */,
				20286C2CFDCF999611CA2CEA /* Resources */,
				F522DCBB0BBC853C00DFF256 /* Additional Data */,
				0123D85000C0AE397F000001 /* Libraries */,
				20286C32FDCF999611CA2CEA /* Frameworks */,
				195DF8C9FE9D4F0611CA2CBB /* Products */,
			);
			name = "dim3 Editor";
			sourceTree = "<group>";
		};
		20286C2AFDCF999611CA2CEA /* Sources */ = {
			isa = PBXGroup;
			children = (
				F5EC0BB200DDC1F701000001 /* Windows */,
				26E4677412EB4C8400867C53 /* Palettes */,
				F5E8EBA808A1C1EF00F06B82 /* Pieces */,
				F508860900E8413C01000001 /* View */,
				F5A98817094BF740005E55AE /* Dialogs */,
				F503BCC9011B901401000001 /* Main */,
			);
			name = Sources;
			sourceTree = "<group>";
		};
		20286C2CFDCF999611CA2CEA /* Resources */ = {
			isa = PBXGroup;
			children = (
				F5A43278055607CC002DF965 /* Info-dim3_Editor.plist */,
				0867D6AAFE840B52C02AAC07 /* InfoPlist.strings */,
				F57537B9055B5F4900D42FAF /* dim3 Editor.nib */,
				0123D85400C0AF0B7F000001 /* dim3 Editor.icns */,
			);
			name = Resources;
			sourceTree = "<group>";
		};
		20286C32FDCF999611CA2CEA /* Frameworks */ = {
			isa = PBXGroup;
			children = (
				20286C33FDCF999611CA2CEA /* Carbon.framework */,
				F59E531D014DBA5801382915 /* AGL.framework */,
				F5FE22D0014DC000015DC241 /* OpenGL.framework */,
			);
			name = Frameworks;
			sourceTree = "<group>";
		};
		26636ADA125A8ED10090A321 /* Items */ = {
			isa = PBXGroup;
			children = (
				26636ADB125A8ED10090A321 /* light.png */,
				26636ADC125A8ED10090A321 /* node.png */,
				26636ADD125A8ED10090A321 /* node_defined.png */,
				26636ADE125A8ED10090A321 /* particle.png */,
				26636ADF125A8ED10090A321 /* scenery.png */,
				26636AE0125A8ED10090A321 /* sound.png */,
				26636AE1125A8ED10090A321 /* spot.png */,
			);
			path = Items;
			sourceTree = "<group>";
		};
		26636B02125A8EE20090A321 /* Tools */ = {
			isa = PBXGroup;
			children = (
				26C5F00F12612826000B0F9E /* Tool Grid.png */,
				26C5F01012612826000B0F9E /* Tool Height Map.png */,
				26C5F01112612826000B0F9E /* Tool Light.png */,
				26C5F01212612826000B0F9E /* Tool Liquid.png */,
				26C5F01312612826000B0F9E /* Tool Mesh UV.png */,
				26C5F01412612826000B0F9E /* Tool Mesh.png */,
				26C5F01512612826000B0F9E /* Tool Node.png */,
				26C5F01612612826000B0F9E /* Tool Particle.png */,
				26C5F01712612826000B0F9E /* Tool Polygon.png */,
				26C5F01812612826000B0F9E /* Tool Scenery.png */,
				26C5F01912612826000B0F9E /* Tool Sound.png */,
				26C5F01A12612826000B0F9E /* Tool Spot.png */,
				26636B03125A8EE20090A321 /* Tool Auto-Texture Mesh.png */,
				26636B04125A8EE20090A321 /* Tool Combine Meshes.png */,
				26636B05125A8EE20090A321 /* Tool Cull.png */,
				26636B06125A8EE20090A321 /* Tool Edit Map Script.png */,
				26636B07125A8EE20090A321 /* Tool Edit Mesh.png */,
				26636B08125A8EE20090A321 /* Tool Edit Polygons.png */,
				26636B09125A8EE20090A321 /* Tool Edit Vertexes.png */,
				26636B0A125A8EE20090A321 /* Tool Free Look.png */,
				26636B0B125A8EE20090A321 /* Tool Large Grid.png */,
				26636B0D125A8EE20090A321 /* Tool Move Mode.png */,
				26636B0E125A8EE20090A321 /* Tool Move Points Together.png */,
				26636B0F125A8EE20090A321 /* Tool Move Points.png */,
				26636B10125A8EE20090A321 /* Tool No Grid.png */,
				26636B11125A8EE20090A321 /* Tool Node Link.png */,
				26636B12125A8EE20090A321 /* Tool Node Remove Link.png */,
				26636B13125A8EE20090A321 /* Tool Node Select.png */,
				26636B14125A8EE20090A321 /* Tool Normals.png */,
				26636B15125A8EE20090A321 /* Tool Rotate Mode.png */,
				26636B16125A8EE20090A321 /* Tool Run Map.png */,
				26636B17125A8EE20090A321 /* Tool Small Grid.png */,
				26636B18125A8EE20090A321 /* Tool Snap Points.png */,
				26636B19125A8EE20090A321 /* Tool Split Mesh.png */,
				26636B1A125A8EE20090A321 /* Tool Tesselate Mesh.png */,
				26636B1B125A8EE20090A321 /* Tool Toggle Mode.png */,
			);
			path = Tools;
			sourceTree = "<group>";
		};
		266DDE5212E670B3004DA282 /* Lists */ = {
			isa = PBXGroup;
			children = (
				26459B6413DBDA8800D7DD73 /* Back.png */,
				266DDE5312E670B3004DA282 /* Edit.png */,
				266DDE5412E670B3004DA282 /* Minus.png */,
				266DDE5512E670B3004DA282 /* Plus.png */,
				2642872912EE8C640078851E /* Set.png */,
			);
			path = Lists;
			sourceTree = "<group>";
		};
		26E4677412EB4C8400867C53 /* Palettes */ = {
			isa = PBXGroup;
			children = (
				26C5F0EA126135DC000B0F9E /* tool_palette.c */,
				26CF62A4126BDE55002DCC2A /* tool_palette_common.c */,
				F57CACA60C38B76200B595F4 /* texture_palette.c */,
				26EE494B126B8455001D0025 /* texture_palette_common.c */,
				26CFA0DF1320769700DB808F /* tool_tip_common.c */,
				262C396F12D0268500A94FEE /* list_palette_common.c */,
				265AB84612835C9E00F3F965 /* item_palette.c */,
				26EA5B211291E5200083C9BF /* property_palette.c */,
				26CAEC6912D675A900310691 /* property_utility_common.c */,
				267FA93512C014F20098B4B8 /* property_palette_map.c */,
				26D6BC5C13E2112E0087FFD4 /* property_palette_camera.c */,
				260B3BE314103A3A006ED023 /* property_palette_light_media.c */,
				26D6BC5D13E2112E0087FFD4 /* property_palette_sky_weather.c */,
				26EAA39F12CBF01400CF93AF /* property_palette_texture.c */,
				26F1D2C113035B0A00CDAE6B /* property_palette_editor_preference.c */,
				26F4B4DA1294CFB600D754CC /* property_palette_mesh.c */,
				260D584A1295E85E00D0D14F /* property_palette_liquid.c */,
				260D584B1295E85E00D0D14F /* property_palette_spot.c */,
				26A0009B12975A130006F64F /* property_palette_light.c */,
				26A0009C12975A130006F64F /* property_palette_sound.c */,
				260C146F129C777100B6D5B5 /* property_palette_particle.c */,
				260C1470129C777100B6D5B5 /* property_palette_scenery.c */,
				260C146E129C777100B6D5B5 /* property_palette_node.c */,
				26E4677612EB4CAD00867C53 /* property_palette_group.c */,
				26E4677712EB4CAD00867C53 /* property_palette_movement.c */,
				26E4677512EB4CAD00867C53 /* property_palette_cinema.c */,
				26E0C40012F0D7EE00977D36 /* alt_property_palette.c */,
				26E0C3FE12F0D7EE00977D36 /* alt_property_palette_action.c */,
				26E0C3FF12F0D7EE00977D36 /* alt_property_palette_move.c */,
			);
			name = Palettes;
			sourceTree = "<group>";
		};
		F503BCC9011B901401000001 /* Main */ = {
			isa = PBXGroup;
			children = (
				264D965D12921024005039CD /* OSX_main.c */,
				0123D86600C0AFD57F000001 /* menu.c */,
				0123D85F00C0AFD57F000001 /* dos.c */,
				F5239B9D0AFD9C5200241092 /* undo.c */,
				F571C8760B34DA6300F979B7 /* xml_setup.c */,
				26E155EE12601C9D003158E5 /* OSX_glue.c */,
			);
			name = Main;
			sourceTree = "<group>";
		};
		F508860900E8413C01000001 /* View */ = {
			isa = PBXGroup;
			children = (
				26452F10127F9B3100043C34 /* view.c */,
				26452F0F127F9B3100043C34 /* view_movement.c */,
				26452F18127F9BA800043C34 /* view_draw_piece.c */,
				26452F19127F9BA800043C34 /* view_draw_select.c */,
				26452F16127F9BA800043C34 /* view_click_piece.c */,
				26452F15127F9BA800043C34 /* view_click_drag.c */,
				26452F1A127F9BA800043C34 /* view_models.c */,
				263C5EBD122045E3008935B9 /* view_handle.c */,
				26808224122057F600EB7897 /* view_picker.c */,
			);
			name = View;
			sourceTree = "<group>";
		};
		F522DCBB0BBC853C00DFF256 /* Additional Data */ = {
			isa = PBXGroup;
			children = (
				F522DCBC0BBC853C00DFF256 /* Defaults */,
				F522DCBE0BBC853C00DFF256 /* Icons */,
			);
			name = "Additional Data";
			path = "Resources/Additional Data";
			sourceTree = "<group>";
		};
		F522DCBC0BBC853C00DFF256 /* Defaults */ = {
			isa = PBXGroup;
			children = (
				F522DCBD0BBC853C00DFF256 /* Course.js */,
			);
			path = Defaults;
			sourceTree = "<group>";
		};
		F522DCBE0BBC853C00DFF256 /* Icons */ = {
			isa = PBXGroup;
			children = (
				26636B02125A8EE20090A321 /* Tools */,
				26636ADA125A8ED10090A321 /* Items */,
				266DDE5212E670B3004DA282 /* Lists */,
			);
			path = Icons;
			sourceTree = "<group>";
		};
		F5A98817094BF740005E55AE /* Dialogs */ = {
			isa = PBXGroup;
			children = (
				26D15DBC1329EB0400F9EC7B /* OSX_dialog_utility_common.c */,
				26D15DB61329EB0400F9EC7B /* OSX_dialog_about.c */,
				26D15DB71329EB0400F9EC7B /* OSX_dialog_file_new.c */,
				26D15DB81329EB0400F9EC7B /* OSX_dialog_file_open.c */,
				26D15DBB1329EB0400F9EC7B /* OSX_dialog_property_string.c */,
				26D15DB91329EB0400F9EC7B /* OSX_dialog_property_chord.c */,
				26D15DBA1329EB0400F9EC7B /* OSX_dialog_property_list.c */,
				261CEB8012D156D800D1D8BF /* dialog_obj_import.c */,
				26DB6D960DDFCE4100BDD008 /* dialog_resize.c */,
				26772F800EBE8A6600F9E241 /* dialog_reposition.c */,
				26EB2AA5135CDF3700C85532 /* dialog_resize_texture.c */,
				F5AF023209CFB5A0008B576A /* dialog_free_rotate.c */,
				26791D420E4D626700AAD058 /* dialog_grid_mesh.c */,
				2647AD810E4F48D000BA3338 /* dialog_height_import.c */,
			);
			name = Dialogs;
			sourceTree = "<group>";
		};
		F5E8EBA808A1C1EF00F06B82 /* Pieces */ = {
			isa = PBXGroup;
			children = (
				F5DD757A092CFD8700465E14 /* launch.c */,
				F52F19B70946A63100FEFE18 /* selection.c */,
				F54797150107EA3C01000001 /* pieces.c */,
				F54583E3094F868300CBE89A /* pieces_create.c */,
				26AFB4480D95E0E60004805A /* pieces_mesh.c */,
				26937AE012D2D5C3001DEEB8 /* import_obj.c */,
				F5595F7D0918717300B60FAD /* groups.c */,
				0123D86700C0AFD57F000001 /* nodes.c */,
				2681880210A3A28A000B2CD8 /* light_maps.c */,
				264BC91A13661D900004A4AB /* liquid_reflection_maps.c */,
			);
			name = Pieces;
			sourceTree = "<group>";
		};
		F5EC0BB200DDC1F701000001 /* Windows */ = {
			isa = PBXGroup;
			children = (
				F54CD2090233430101250BB8 /* main_window.c */,
				26CAEC6A12D675A900310691 /* texture_edit_common.c */,
				26E8DBFD1270EA6C00ACA294 /* text_common.c */,
				26E8DBFC1270EA6C00ACA294 /* progress_common.c */,
				26EE4A3D126B8E2E001D0025 /* import_text_decode_common.c */,
			);
			name = Windows;
			sourceTree = "<group>";
		};
/* End PBXGroup section */

/* Begin PBXHeadersBuildPhase section */
		F5A4320E055602DF002DF965 /* Headers */ = {
			isa = PBXHeadersBuildPhase;
			buildActionMask = 2147483647;
			files = (
				F5A4321F055602DF002DF965 /* dim3editor.h in Headers */,
				F50AF9AE088601C600F261B1 /* os_defs.h in Headers */,
				F54581BB094F75D200CBE89A /* interface.h in Headers */,
				F595F33A0A8BBEF0004AB8BA /* modelutility.h in Headers */,
				F5AD54430BBE1FDB001C7C04 /* baseutility.h in Headers */,
				26AFB4D20D9615C00004805A /* maputility.h in Headers */,
				26899FA90F1EBF25007860EB /* editor_defs.h in Headers */,
				26C5F0B0126130D0000B0F9E /* glue.h in Headers */,
				262C38D212D0211200A94FEE /* ui_common.h in Headers */,
				26232DD313065713008DC42B /* osx_dialog.h in Headers */,
				26459B5C13DBC5A200D7DD73 /* mac_os_defs.h in Headers */,
			);
			runOnlyForDeploymentPostprocessing = 0;
		};
/* End PBXHeadersBuildPhase section */

/* Begin PBXNativeTarget section */
		F5A4320D055602DF002DF965 /* dim3 Editor */ = {
			isa = PBXNativeTarget;
			buildConfigurationList = F5DB0C530856A994005A7CB7 /* Build configuration list for PBXNativeTarget "dim3 Editor" */;
			buildPhases = (
				F5A4320E055602DF002DF965 /* Headers */,
				F5A4322A055602DF002DF965 /* Resources */,
				F5A4322D055602DF002DF965 /* Sources */,
				F5A43259055602DF002DF965 /* Frameworks */,
				F5A43262055602DF002DF965 /* Rez */,
				F5934BF8099E7A610063E081 /* Copy Frameworks */,
				F5DB0C4A0856A958005A7CB7 /* Copy Application */,
				F522DC530BBC726B00DFF256 /* Copy (Defaults) */,
				F522DC770BBC810E00DFF256 /* Copy (Items Icons) */,
				26F95ECA125AD24D0016127D /* Copy (Tools Icons) */,
				266DDE7812E67150004DA282 /* Copy (Lists Icons) */,
			);
			buildRules = (
				F522DCB90BBC851000DFF256 /* PBXBuildRule */,
			);
			dependencies = (
			);
			name = "dim3 Editor";
			productName = "dim3 Editor";
			productReference = F5A43266055602E0002DF965 /* dim3 Editor.app */;
			productType = "com.apple.product-type.application";
		};
/* End PBXNativeTarget section */

/* Begin PBXProject section */
		20286C28FDCF999611CA2CEA /* Project object */ = {
			isa = PBXProject;
			attributes = {
				LastUpgradeCheck = 0410;
			};
			buildConfigurationList = F5DB0C560856A994005A7CB7 /* Build configuration list for PBXProject "dim3Editor" */;
			compatibilityVersion = "Xcode 3.2";
			developmentRegion = English;
			hasScannedForEncodings = 1;
			knownRegions = (
				English,
				Japanese,
				French,
				German,
			);
			mainGroup = 20286C29FDCF999611CA2CEA /* dim3 Editor */;
			projectDirPath = "";
			projectRoot = "";
			targets = (
				F5A4320D055602DF002DF965 /* dim3 Editor */,
			);
		};
/* End PBXProject section */

/* Begin PBXResourcesBuildPhase section */
		F5A4322A055602DF002DF965 /* Resources */ = {
			isa = PBXResourcesBuildPhase;
			buildActionMask = 2147483647;
			files = (
				F5A4322B055602DF002DF965 /* InfoPlist.strings in Resources */,
				F5A4322C055602DF002DF965 /* dim3 Editor.icns in Resources */,
				F57537BA055B5F4900D42FAF /* dim3 Editor.nib in Resources */,
				26459B6513DBDA8800D7DD73 /* Back.png in Resources */,
			);
			runOnlyForDeploymentPostprocessing = 0;
		};
/* End PBXResourcesBuildPhase section */

/* Begin PBXRezBuildPhase section */
		F5A43262055602DF002DF965 /* Rez */ = {
			isa = PBXRezBuildPhase;
			buildActionMask = 2147483647;
			files = (
			);
			runOnlyForDeploymentPostprocessing = 0;
		};
/* End PBXRezBuildPhase section */

/* Begin PBXSourcesBuildPhase section */
		F5A4322D055602DF002DF965 /* Sources */ = {
			isa = PBXSourcesBuildPhase;
			buildActionMask = 2147483647;
			files = (
				F5A4322E055602DF002DF965 /* dos.c in Sources */,
				F5A43232055602DF002DF965 /* menu.c in Sources */,
				F5A43233055602DF002DF965 /* nodes.c in Sources */,
				F5A4324E055602DF002DF965 /* pieces.c in Sources */,
				F5A43252055602DF002DF965 /* main_window.c in Sources */,
				F5595F7E0918717300B60FAD /* groups.c in Sources */,
				F5DD757B092CFD8700465E14 /* launch.c in Sources */,
				F52F19B80946A63100FEFE18 /* selection.c in Sources */,
				F54583E4094F868300CBE89A /* pieces_create.c in Sources */,
				F5AF023309CFB5A0008B576A /* dialog_free_rotate.c in Sources */,
				F5239B9E0AFD9C5200241092 /* undo.c in Sources */,
				F571C8770B34DA6300F979B7 /* xml_setup.c in Sources */,
				F522DCC90BBC853C00DFF256 /* Course.js in Sources */,
				F57CACA70C38B76200B595F4 /* texture_palette.c in Sources */,
				26AFB4490D95E0E60004805A /* pieces_mesh.c in Sources */,
				26DB6D970DDFCE4100BDD008 /* dialog_resize.c in Sources */,
				26791D430E4D626700AAD058 /* dialog_grid_mesh.c in Sources */,
				2647AD820E4F48D000BA3338 /* dialog_height_import.c in Sources */,
				26772F810EBE8A6600F9E241 /* dialog_reposition.c in Sources */,
				2681880310A3A28A000B2CD8 /* light_maps.c in Sources */,
				263C5EBE122045E3008935B9 /* view_handle.c in Sources */,
				26808225122057F600EB7897 /* view_picker.c in Sources */,
				26E155EF12601C9D003158E5 /* OSX_glue.c in Sources */,
				26C5F0EB126135DC000B0F9E /* tool_palette.c in Sources */,
				26EE494C126B8455001D0025 /* texture_palette_common.c in Sources */,
				26EE4A3E126B8E2E001D0025 /* import_text_decode_common.c in Sources */,
				26CF62A5126BDE55002DCC2A /* tool_palette_common.c in Sources */,
				26E8DBFE1270EA6C00ACA294 /* progress_common.c in Sources */,
				26E8DBFF1270EA6C00ACA294 /* text_common.c in Sources */,
				26452F11127F9B3100043C34 /* view_movement.c in Sources */,
				26452F12127F9B3100043C34 /* view.c in Sources */,
				26452F1B127F9BA800043C34 /* view_click_drag.c in Sources */,
				26452F1C127F9BA800043C34 /* view_click_piece.c in Sources */,
				26452F1E127F9BA800043C34 /* view_draw_piece.c in Sources */,
				26452F1F127F9BA800043C34 /* view_draw_select.c in Sources */,
				26452F20127F9BA800043C34 /* view_models.c in Sources */,
				265AB84712835C9E00F3F965 /* item_palette.c in Sources */,
				26EA5B231291E5200083C9BF /* property_palette.c in Sources */,
				264D965E12921024005039CD /* OSX_main.c in Sources */,
				26F4B4DB1294CFB600D754CC /* property_palette_mesh.c in Sources */,
				260D584C1295E85E00D0D14F /* property_palette_liquid.c in Sources */,
				260D584D1295E85E00D0D14F /* property_palette_spot.c in Sources */,
				26A0009D12975A130006F64F /* property_palette_light.c in Sources */,
				26A0009E12975A130006F64F /* property_palette_sound.c in Sources */,
				260C1471129C777100B6D5B5 /* property_palette_node.c in Sources */,
				260C1472129C777100B6D5B5 /* property_palette_particle.c in Sources */,
				260C1473129C777100B6D5B5 /* property_palette_scenery.c in Sources */,
				267FA93612C014F20098B4B8 /* property_palette_map.c in Sources */,
				26EAA3A012CBF01400CF93AF /* property_palette_texture.c in Sources */,
				262C397012D0268500A94FEE /* list_palette_common.c in Sources */,
				261CEB8112D156D800D1D8BF /* dialog_obj_import.c in Sources */,
				26937AE112D2D5C3001DEEB8 /* import_obj.c in Sources */,
				26CAEC6B12D675A900310691 /* property_utility_common.c in Sources */,
				26CAEC6C12D675A900310691 /* texture_edit_common.c in Sources */,
				26E4677812EB4CAD00867C53 /* property_palette_cinema.c in Sources */,
				26E4677912EB4CAD00867C53 /* property_palette_group.c in Sources */,
				26E4677A12EB4CAD00867C53 /* property_palette_movement.c in Sources */,
				26E0C40112F0D7EE00977D36 /* alt_property_palette_action.c in Sources */,
				26E0C40212F0D7EE00977D36 /* alt_property_palette_move.c in Sources */,
				26E0C40312F0D7EE00977D36 /* alt_property_palette.c in Sources */,
				26F1D2C213035B0A00CDAE6B /* property_palette_editor_preference.c in Sources */,
				26CFA0E01320769700DB808F /* tool_tip_common.c in Sources */,
				26D15DBD1329EB0400F9EC7B /* OSX_dialog_about.c in Sources */,
				26D15DBE1329EB0400F9EC7B /* OSX_dialog_file_new.c in Sources */,
				26D15DBF1329EB0400F9EC7B /* OSX_dialog_file_open.c in Sources */,
				26D15DC01329EB0400F9EC7B /* OSX_dialog_property_chord.c in Sources */,
				26D15DC11329EB0400F9EC7B /* OSX_dialog_property_list.c in Sources */,
				26D15DC21329EB0400F9EC7B /* OSX_dialog_property_string.c in Sources */,
				26D15DC31329EB0400F9EC7B /* OSX_dialog_utility_common.c in Sources */,
				26EB2AA6135CDF3700C85532 /* dialog_resize_texture.c in Sources */,
				264BC91B13661D900004A4AB /* liquid_reflection_maps.c in Sources */,
				26D6BC5E13E2112E0087FFD4 /* property_palette_camera.c in Sources */,
				26D6BC5F13E2112E0087FFD4 /* property_palette_sky_weather.c in Sources */,
				260B3BE414103A3A006ED023 /* property_palette_light_media.c in Sources */,
			);
			runOnlyForDeploymentPostprocessing = 0;
		};
/* End PBXSourcesBuildPhase section */

/* Begin PBXVariantGroup section */
		0867D6AAFE840B52C02AAC07 /* InfoPlist.strings */ = {
			isa = PBXVariantGroup;
			children = (
				0867D6ABFE840B52C02AAC07 /* English */,
			);
			name = InfoPlist.strings;
			sourceTree = "<group>";
		};
/* End PBXVariantGroup section */

/* Begin XCBuildConfiguration section */
		F5DB0C540856A994005A7CB7 /* Release */ = {
			isa = XCBuildConfiguration;
			buildSettings = {
				ARCHS = i386;
				COPY_PHASE_STRIP = NO;
				DEAD_CODE_STRIPPING = NO;
				DEBUG_INFORMATION_FORMAT = "dwarf-with-dsym";
				DEPLOYMENT_POSTPROCESSING = YES;
				GCC_CW_ASM_SYNTAX = NO;
				GCC_DYNAMIC_NO_PIC = YES;
				GCC_ENABLE_CPP_EXCEPTIONS = NO;
				GCC_ENABLE_CPP_RTTI = NO;
				GCC_ENABLE_OBJC_EXCEPTIONS = NO;
				GCC_ENABLE_SSE3_EXTENSIONS = YES;
				GCC_FAST_MATH = YES;
				GCC_GENERATE_DEBUGGING_SYMBOLS = YES;
				GCC_OPTIMIZATION_LEVEL = 3;
				GCC_PRECOMPILE_PREFIX_HEADER = YES;
				GCC_PREFIX_HEADER = headers/dim3editor.h;
				GCC_PREPROCESSOR_DEFINITIONS = D3_EDITOR;
				GCC_STRICT_ALIASING = YES;
				GCC_UNROLL_LOOPS = YES;
				GCC_VERSION = com.apple.compilers.llvm.clang.1_0;
				GCC_WARN_ABOUT_DEPRECATED_FUNCTIONS = NO;
				GCC_WARN_ABOUT_RETURN_TYPE = YES;
				GCC_WARN_CHECK_SWITCH_STATEMENTS = YES;
				GCC_WARN_INITIALIZER_NOT_FULLY_BRACKETED = YES;
				GCC_WARN_MISSING_PARENTHESES = YES;
				GCC_WARN_TYPECHECK_CALLS_TO_PRINTF = YES;
				GCC_WARN_UNKNOWN_PRAGMAS = YES;
				GCC_WARN_UNUSED_FUNCTION = YES;
				GCC_WARN_UNUSED_LABEL = YES;
				GCC_WARN_UNUSED_PARAMETER = NO;
				GCC_WARN_UNUSED_VALUE = YES;
				GCC_WARN_UNUSED_VARIABLE = YES;
				GENERATE_PROFILING_CODE = NO;
				HEADER_SEARCH_PATHS = (
					"$(SRCROOT)/../dim3Common/Libraries/PNG",
					"$(SRCROOT)/../dim3Common/Libraries",
				);
				IBC_STRIP_NIBS = NO;
				INFOPLIST_FILE = "Resources/Info-dim3_Editor.plist";
				LIBRARY_SEARCH_PATHS = (
					"$(SRCROOT)/../dim3Common/Libraries/PNG",
					"$(SRCROOT)/../dim3Common/Libraries",
				);
				LLVM_LTO = YES;
				MACOSX_DEPLOYMENT_TARGET = 10.5;
				OTHER_LDFLAGS = "-lz";
				PRODUCT_NAME = "dim3 Editor";
				SDKROOT = macosx10.6;
				SKIP_INSTALL = NO;
				STRIP_STYLE = debugging;
				VALID_ARCHS = i386;
				WARNING_CFLAGS = "";
				WRAPPER_EXTENSION = app;
			};
			name = Release;
		};
		F5DB0C570856A994005A7CB7 /* Release */ = {
			isa = XCBuildConfiguration;
			buildSettings = {
				ARCHS = (
					ppc,
					i386,
				);
			};
			name = Release;
		};
/* End XCBuildConfiguration section */

/* Begin XCConfigurationList section */
		F5DB0C530856A994005A7CB7 /* Build configuration list for PBXNativeTarget "dim3 Editor" */ = {
			isa = XCConfigurationList;
			buildConfigurations = (
				F5DB0C540856A994005A7CB7 /* Release */,
			);
			defaultConfigurationIsVisible = 0;
			defaultConfigurationName = Release;
		};
		F5DB0C560856A994005A7CB7 /* Build configuration list for PBXProject "dim3Editor" */ = {
			isa = XCConfigurationList;
			buildConfigurations = (
				F5DB0C570856A994005A7CB7 /* Release */,
			);
			defaultConfigurationIsVisible = 0;
			defaultConfigurationName = Release;
		};
/* End XCConfigurationList section */
	};
	rootObject = 20286C28FDCF999611CA2CEA /* Project object */;
}
